// !$*UTF8*$!
{
	archiveVersion = 1;
	classes = {
	};
	objectVersion = 48;
	objects = {

/* Begin PBXBuildFile section */
		B357A8EF203A116C004BD19E /* Parallel.swift in Sources */ = {isa = PBXBuildFile; fileRef = B3CD0D19202B814D00A5D1A6 /* Parallel.swift */; };
		B357A8F0203A116C004BD19E /* Parallel.swift in Sources */ = {isa = PBXBuildFile; fileRef = B3CD0D19202B814D00A5D1A6 /* Parallel.swift */; };
		B357A8F1203A116D004BD19E /* Parallel.swift in Sources */ = {isa = PBXBuildFile; fileRef = B3CD0D19202B814D00A5D1A6 /* Parallel.swift */; };
		B357A8F2203A145E004BD19E /* ParallelFlock.h in Headers */ = {isa = PBXBuildFile; fileRef = B3F205A9202B7EF90088B443 /* ParallelFlock.h */; settings = {ATTRIBUTES = (Public, ); }; };
		B357A8F3203A145F004BD19E /* ParallelFlock.h in Headers */ = {isa = PBXBuildFile; fileRef = B3F205A9202B7EF90088B443 /* ParallelFlock.h */; settings = {ATTRIBUTES = (Public, ); }; };
		B357A8F4203A145F004BD19E /* ParallelFlock.h in Headers */ = {isa = PBXBuildFile; fileRef = B3F205A9202B7EF90088B443 /* ParallelFlock.h */; settings = {ATTRIBUTES = (Public, ); }; };
		B3CD0D1A202B814D00A5D1A6 /* Parallel.swift in Sources */ = {isa = PBXBuildFile; fileRef = B3CD0D19202B814D00A5D1A6 /* Parallel.swift */; };
		B3F205B0202B7EF90088B443 /* ParallelFlock.framework in Frameworks */ = {isa = PBXBuildFile; fileRef = B3F205A6202B7EF90088B443 /* ParallelFlock.framework */; };
		B3F205B5202B7EF90088B443 /* ParallelFlock_Tests.swift in Sources */ = {isa = PBXBuildFile; fileRef = B3F205B4202B7EF90088B443 /* ParallelFlock_Tests.swift */; };
		B3F205B7202B7EF90088B443 /* ParallelFlock.h in Headers */ = {isa = PBXBuildFile; fileRef = B3F205A9202B7EF90088B443 /* ParallelFlock.h */; settings = {ATTRIBUTES = (Public, ); }; };
/* End PBXBuildFile section */

/* Begin PBXContainerItemProxy section */
		B3F205B1202B7EF90088B443 /* PBXContainerItemProxy */ = {
			isa = PBXContainerItemProxy;
			containerPortal = B3F2059D202B7EF90088B443 /* Project object */;
			proxyType = 1;
			remoteGlobalIDString = B3F205A5202B7EF90088B443;
			remoteInfo = "ParallelFlock-iOS";
		};
/* End PBXContainerItemProxy section */

/* Begin PBXFileReference section */
		B31BDDD02039CB3B0009A0B8 /* ParallelArray.playground */ = {isa = PBXFileReference; lastKnownFileType = file.playground; path = ParallelArray.playground; sourceTree = "<group>"; xcLanguageSpecificationIdentifier = xcode.lang.swift; };
		B357A8CD203A1097004BD19E /* ParallelFlock.framework */ = {isa = PBXFileReference; explicitFileType = wrapper.framework; includeInIndex = 0; path = ParallelFlock.framework; sourceTree = BUILT_PRODUCTS_DIR; };
		B357A8CF203A1097004BD19E /* ParallelFlock_watchOS.h */ = {isa = PBXFileReference; lastKnownFileType = sourcecode.c.h; path = ParallelFlock_watchOS.h; sourceTree = "<group>"; };
		B357A8D0203A1097004BD19E /* Info.plist */ = {isa = PBXFileReference; lastKnownFileType = text.plist.xml; path = Info.plist; sourceTree = "<group>"; };
		B357A8DA203A10B9004BD19E /* ParallelFlock.framework */ = {isa = PBXFileReference; explicitFileType = wrapper.framework; includeInIndex = 0; path = ParallelFlock.framework; sourceTree = BUILT_PRODUCTS_DIR; };
		B357A8DC203A10B9004BD19E /* ParallelFlock_tvOS.h */ = {isa = PBXFileReference; lastKnownFileType = sourcecode.c.h; path = ParallelFlock_tvOS.h; sourceTree = "<group>"; };
		B357A8DD203A10B9004BD19E /* Info.plist */ = {isa = PBXFileReference; lastKnownFileType = text.plist.xml; path = Info.plist; sourceTree = "<group>"; };
		B357A8E7203A10C9004BD19E /* ParallelFlock.framework */ = {isa = PBXFileReference; explicitFileType = wrapper.framework; includeInIndex = 0; path = ParallelFlock.framework; sourceTree = BUILT_PRODUCTS_DIR; };
		B357A8E9203A10C9004BD19E /* ParallelFlock_macOS.h */ = {isa = PBXFileReference; lastKnownFileType = sourcecode.c.h; path = ParallelFlock_macOS.h; sourceTree = "<group>"; };
		B357A8EA203A10C9004BD19E /* Info.plist */ = {isa = PBXFileReference; lastKnownFileType = text.plist.xml; path = Info.plist; sourceTree = "<group>"; };
		B3CD0D19202B814D00A5D1A6 /* Parallel.swift */ = {isa = PBXFileReference; lastKnownFileType = sourcecode.swift; path = Parallel.swift; sourceTree = "<group>"; };
		B3F205A6202B7EF90088B443 /* ParallelFlock.framework */ = {isa = PBXFileReference; explicitFileType = wrapper.framework; includeInIndex = 0; path = ParallelFlock.framework; sourceTree = BUILT_PRODUCTS_DIR; };
		B3F205A9202B7EF90088B443 /* ParallelFlock.h */ = {isa = PBXFileReference; lastKnownFileType = sourcecode.c.h; path = ParallelFlock.h; sourceTree = "<group>"; };
		B3F205AA202B7EF90088B443 /* Info.plist */ = {isa = PBXFileReference; lastKnownFileType = text.plist.xml; path = Info.plist; sourceTree = "<group>"; };
		B3F205AF202B7EF90088B443 /* ParallelFlock-iOSTests.xctest */ = {isa = PBXFileReference; explicitFileType = wrapper.cfbundle; includeInIndex = 0; path = "ParallelFlock-iOSTests.xctest"; sourceTree = BUILT_PRODUCTS_DIR; };
		B3F205B4202B7EF90088B443 /* ParallelFlock_Tests.swift */ = {isa = PBXFileReference; lastKnownFileType = sourcecode.swift; path = ParallelFlock_Tests.swift; sourceTree = "<group>"; };
		B3F205B6202B7EF90088B443 /* Info.plist */ = {isa = PBXFileReference; lastKnownFileType = text.plist.xml; path = Info.plist; sourceTree = "<group>"; };
/* End PBXFileReference section */

/* Begin PBXFrameworksBuildPhase section */
		B357A8C9203A1097004BD19E /* Frameworks */ = {
			isa = PBXFrameworksBuildPhase;
			buildActionMask = 2147483647;
			files = (
			);
			runOnlyForDeploymentPostprocessing = 0;
		};
		B357A8D6203A10B9004BD19E /* Frameworks */ = {
			isa = PBXFrameworksBuildPhase;
			buildActionMask = 2147483647;
			files = (
			);
			runOnlyForDeploymentPostprocessing = 0;
		};
		B357A8E3203A10C9004BD19E /* Frameworks */ = {
			isa = PBXFrameworksBuildPhase;
			buildActionMask = 2147483647;
			files = (
			);
			runOnlyForDeploymentPostprocessing = 0;
		};
		B3F205A2202B7EF90088B443 /* Frameworks */ = {
			isa = PBXFrameworksBuildPhase;
			buildActionMask = 2147483647;
			files = (
			);
			runOnlyForDeploymentPostprocessing = 0;
		};
		B3F205AC202B7EF90088B443 /* Frameworks */ = {
			isa = PBXFrameworksBuildPhase;
			buildActionMask = 2147483647;
			files = (
				B3F205B0202B7EF90088B443 /* ParallelFlock.framework in Frameworks */,
			);
			runOnlyForDeploymentPostprocessing = 0;
		};
/* End PBXFrameworksBuildPhase section */

/* Begin PBXGroup section */
		B357A8CE203A1097004BD19E /* ParallelFlock-watchOS */ = {
			isa = PBXGroup;
			children = (
				B357A8CF203A1097004BD19E /* ParallelFlock_watchOS.h */,
				B357A8D0203A1097004BD19E /* Info.plist */,
			);
			path = "ParallelFlock-watchOS";
			sourceTree = "<group>";
		};
		B357A8DB203A10B9004BD19E /* ParallelFlock-tvOS */ = {
			isa = PBXGroup;
			children = (
				B357A8DC203A10B9004BD19E /* ParallelFlock_tvOS.h */,
				B357A8DD203A10B9004BD19E /* Info.plist */,
			);
			path = "ParallelFlock-tvOS";
			sourceTree = "<group>";
		};
		B357A8E8203A10C9004BD19E /* ParallelFlock-macOS */ = {
			isa = PBXGroup;
			children = (
				B357A8E9203A10C9004BD19E /* ParallelFlock_macOS.h */,
				B357A8EA203A10C9004BD19E /* Info.plist */,
			);
			path = "ParallelFlock-macOS";
			sourceTree = "<group>";
		};
		B3F2059C202B7EF90088B443 = {
			isa = PBXGroup;
			children = (
				B31BDDD02039CB3B0009A0B8 /* ParallelArray.playground */,
				B3F205A8202B7EF90088B443 /* ParallelFlock-iOS */,
				B3F205B3202B7EF90088B443 /* ParallelFlock-iOSTests */,
				B357A8CE203A1097004BD19E /* ParallelFlock-watchOS */,
				B357A8DB203A10B9004BD19E /* ParallelFlock-tvOS */,
				B357A8E8203A10C9004BD19E /* ParallelFlock-macOS */,
				B3F205A7202B7EF90088B443 /* Products */,
			);
			sourceTree = "<group>";
		};
		B3F205A7202B7EF90088B443 /* Products */ = {
			isa = PBXGroup;
			children = (
				B3F205A6202B7EF90088B443 /* ParallelFlock.framework */,
				B3F205AF202B7EF90088B443 /* ParallelFlock-iOSTests.xctest */,
				B357A8CD203A1097004BD19E /* ParallelFlock.framework */,
				B357A8DA203A10B9004BD19E /* ParallelFlock.framework */,
				B357A8E7203A10C9004BD19E /* ParallelFlock.framework */,
			);
			name = Products;
			sourceTree = "<group>";
		};
		B3F205A8202B7EF90088B443 /* ParallelFlock-iOS */ = {
			isa = PBXGroup;
			children = (
				B3F205A9202B7EF90088B443 /* ParallelFlock.h */,
				B3F205AA202B7EF90088B443 /* Info.plist */,
				B3CD0D19202B814D00A5D1A6 /* Parallel.swift */,
			);
			path = "ParallelFlock-iOS";
			sourceTree = "<group>";
		};
		B3F205B3202B7EF90088B443 /* ParallelFlock-iOSTests */ = {
			isa = PBXGroup;
			children = (
				B3F205B4202B7EF90088B443 /* ParallelFlock_Tests.swift */,
				B3F205B6202B7EF90088B443 /* Info.plist */,
			);
			path = "ParallelFlock-iOSTests";
			sourceTree = "<group>";
		};
/* End PBXGroup section */

/* Begin PBXHeadersBuildPhase section */
		B357A8CA203A1097004BD19E /* Headers */ = {
			isa = PBXHeadersBuildPhase;
			buildActionMask = 2147483647;
			files = (
				B357A8F2203A145E004BD19E /* ParallelFlock.h in Headers */,
			);
			runOnlyForDeploymentPostprocessing = 0;
		};
		B357A8D7203A10B9004BD19E /* Headers */ = {
			isa = PBXHeadersBuildPhase;
			buildActionMask = 2147483647;
			files = (
				B357A8F3203A145F004BD19E /* ParallelFlock.h in Headers */,
			);
			runOnlyForDeploymentPostprocessing = 0;
		};
		B357A8E4203A10C9004BD19E /* Headers */ = {
			isa = PBXHeadersBuildPhase;
			buildActionMask = 2147483647;
			files = (
				B357A8F4203A145F004BD19E /* ParallelFlock.h in Headers */,
			);
			runOnlyForDeploymentPostprocessing = 0;
		};
		B3F205A3202B7EF90088B443 /* Headers */ = {
			isa = PBXHeadersBuildPhase;
			buildActionMask = 2147483647;
			files = (
				B3F205B7202B7EF90088B443 /* ParallelFlock.h in Headers */,
			);
			runOnlyForDeploymentPostprocessing = 0;
		};
/* End PBXHeadersBuildPhase section */

/* Begin PBXNativeTarget section */
		B357A8CC203A1097004BD19E /* ParallelFlock-watchOS */ = {
			isa = PBXNativeTarget;
			buildConfigurationList = B357A8D2203A1097004BD19E /* Build configuration list for PBXNativeTarget "ParallelFlock-watchOS" */;
			buildPhases = (
				B357A8C8203A1097004BD19E /* Sources */,
				B357A8C9203A1097004BD19E /* Frameworks */,
				B357A8CA203A1097004BD19E /* Headers */,
				B357A8CB203A1097004BD19E /* Resources */,
			);
			buildRules = (
			);
			dependencies = (
			);
			name = "ParallelFlock-watchOS";
			productName = "ParallelFlock-watchOS";
			productReference = B357A8CD203A1097004BD19E /* ParallelFlock.framework */;
			productType = "com.apple.product-type.framework";
		};
		B357A8D9203A10B9004BD19E /* ParallelFlock-tvOS */ = {
			isa = PBXNativeTarget;
			buildConfigurationList = B357A8DF203A10B9004BD19E /* Build configuration list for PBXNativeTarget "ParallelFlock-tvOS" */;
			buildPhases = (
				B357A8D5203A10B9004BD19E /* Sources */,
				B357A8D6203A10B9004BD19E /* Frameworks */,
				B357A8D7203A10B9004BD19E /* Headers */,
				B357A8D8203A10B9004BD19E /* Resources */,
			);
			buildRules = (
			);
			dependencies = (
			);
			name = "ParallelFlock-tvOS";
			productName = "ParallelFlock-tvOS";
			productReference = B357A8DA203A10B9004BD19E /* ParallelFlock.framework */;
			productType = "com.apple.product-type.framework";
		};
		B357A8E6203A10C9004BD19E /* ParallelFlock-macOS */ = {
			isa = PBXNativeTarget;
			buildConfigurationList = B357A8EC203A10C9004BD19E /* Build configuration list for PBXNativeTarget "ParallelFlock-macOS" */;
			buildPhases = (
				B357A8E2203A10C9004BD19E /* Sources */,
				B357A8E3203A10C9004BD19E /* Frameworks */,
				B357A8E4203A10C9004BD19E /* Headers */,
				B357A8E5203A10C9004BD19E /* Resources */,
			);
			buildRules = (
			);
			dependencies = (
			);
			name = "ParallelFlock-macOS";
			productName = "ParallelFlock-macOS";
			productReference = B357A8E7203A10C9004BD19E /* ParallelFlock.framework */;
			productType = "com.apple.product-type.framework";
		};
		B3F205A5202B7EF90088B443 /* ParallelFlock-iOS */ = {
			isa = PBXNativeTarget;
			buildConfigurationList = B3F205BA202B7EF90088B443 /* Build configuration list for PBXNativeTarget "ParallelFlock-iOS" */;
			buildPhases = (
				B3F205A1202B7EF90088B443 /* Sources */,
				B3F205A2202B7EF90088B443 /* Frameworks */,
				B3F205A3202B7EF90088B443 /* Headers */,
				B3F205A4202B7EF90088B443 /* Resources */,
			);
			buildRules = (
			);
			dependencies = (
			);
			name = "ParallelFlock-iOS";
			productName = "ParallelFlock-iOS";
			productReference = B3F205A6202B7EF90088B443 /* ParallelFlock.framework */;
			productType = "com.apple.product-type.framework";
		};
		B3F205AE202B7EF90088B443 /* ParallelFlock-iOSTests */ = {
			isa = PBXNativeTarget;
			buildConfigurationList = B3F205BD202B7EF90088B443 /* Build configuration list for PBXNativeTarget "ParallelFlock-iOSTests" */;
			buildPhases = (
				B3F205AB202B7EF90088B443 /* Sources */,
				B3F205AC202B7EF90088B443 /* Frameworks */,
				B3F205AD202B7EF90088B443 /* Resources */,
			);
			buildRules = (
			);
			dependencies = (
				B3F205B2202B7EF90088B443 /* PBXTargetDependency */,
			);
			name = "ParallelFlock-iOSTests";
			productName = "ParallelFlock-iOSTests";
			productReference = B3F205AF202B7EF90088B443 /* ParallelFlock-iOSTests.xctest */;
			productType = "com.apple.product-type.bundle.unit-test";
		};
/* End PBXNativeTarget section */

/* Begin PBXProject section */
		B3F2059D202B7EF90088B443 /* Project object */ = {
			isa = PBXProject;
			attributes = {
				LastSwiftUpdateCheck = 0920;
				LastUpgradeCheck = 0930;
				ORGANIZATIONNAME = "Bright Digit, LLC";
				TargetAttributes = {
					B357A8CC203A1097004BD19E = {
						CreatedOnToolsVersion = 9.3;
						ProvisioningStyle = Automatic;
					};
					B357A8D9203A10B9004BD19E = {
						CreatedOnToolsVersion = 9.3;
						ProvisioningStyle = Automatic;
					};
					B357A8E6203A10C9004BD19E = {
						CreatedOnToolsVersion = 9.3;
						ProvisioningStyle = Automatic;
					};
					B3F205A5202B7EF90088B443 = {
						CreatedOnToolsVersion = 9.2;
						LastSwiftMigration = 0920;
						ProvisioningStyle = Automatic;
					};
					B3F205AE202B7EF90088B443 = {
						CreatedOnToolsVersion = 9.2;
						ProvisioningStyle = Automatic;
					};
				};
			};
			buildConfigurationList = B3F205A0202B7EF90088B443 /* Build configuration list for PBXProject "ParallelFlock" */;
			compatibilityVersion = "Xcode 8.0";
			developmentRegion = en;
			hasScannedForEncodings = 0;
			knownRegions = (
				en,
			);
			mainGroup = B3F2059C202B7EF90088B443;
			productRefGroup = B3F205A7202B7EF90088B443 /* Products */;
			projectDirPath = "";
			projectRoot = "";
			targets = (
				B3F205A5202B7EF90088B443 /* ParallelFlock-iOS */,
				B3F205AE202B7EF90088B443 /* ParallelFlock-iOSTests */,
				B357A8CC203A1097004BD19E /* ParallelFlock-watchOS */,
				B357A8D9203A10B9004BD19E /* ParallelFlock-tvOS */,
				B357A8E6203A10C9004BD19E /* ParallelFlock-macOS */,
			);
		};
/* End PBXProject section */

/* Begin PBXResourcesBuildPhase section */
		B357A8CB203A1097004BD19E /* Resources */ = {
			isa = PBXResourcesBuildPhase;
			buildActionMask = 2147483647;
			files = (
			);
			runOnlyForDeploymentPostprocessing = 0;
		};
		B357A8D8203A10B9004BD19E /* Resources */ = {
			isa = PBXResourcesBuildPhase;
			buildActionMask = 2147483647;
			files = (
			);
			runOnlyForDeploymentPostprocessing = 0;
		};
		B357A8E5203A10C9004BD19E /* Resources */ = {
			isa = PBXResourcesBuildPhase;
			buildActionMask = 2147483647;
			files = (
			);
			runOnlyForDeploymentPostprocessing = 0;
		};
		B3F205A4202B7EF90088B443 /* Resources */ = {
			isa = PBXResourcesBuildPhase;
			buildActionMask = 2147483647;
			files = (
			);
			runOnlyForDeploymentPostprocessing = 0;
		};
		B3F205AD202B7EF90088B443 /* Resources */ = {
			isa = PBXResourcesBuildPhase;
			buildActionMask = 2147483647;
			files = (
			);
			runOnlyForDeploymentPostprocessing = 0;
		};
/* End PBXResourcesBuildPhase section */

/* Begin PBXSourcesBuildPhase section */
		B357A8C8203A1097004BD19E /* Sources */ = {
			isa = PBXSourcesBuildPhase;
			buildActionMask = 2147483647;
			files = (
				B357A8EF203A116C004BD19E /* Parallel.swift in Sources */,
			);
			runOnlyForDeploymentPostprocessing = 0;
		};
		B357A8D5203A10B9004BD19E /* Sources */ = {
			isa = PBXSourcesBuildPhase;
			buildActionMask = 2147483647;
			files = (
				B357A8F0203A116C004BD19E /* Parallel.swift in Sources */,
			);
			runOnlyForDeploymentPostprocessing = 0;
		};
		B357A8E2203A10C9004BD19E /* Sources */ = {
			isa = PBXSourcesBuildPhase;
			buildActionMask = 2147483647;
			files = (
				B357A8F1203A116D004BD19E /* Parallel.swift in Sources */,
			);
			runOnlyForDeploymentPostprocessing = 0;
		};
		B3F205A1202B7EF90088B443 /* Sources */ = {
			isa = PBXSourcesBuildPhase;
			buildActionMask = 2147483647;
			files = (
				B3CD0D1A202B814D00A5D1A6 /* Parallel.swift in Sources */,
			);
			runOnlyForDeploymentPostprocessing = 0;
		};
		B3F205AB202B7EF90088B443 /* Sources */ = {
			isa = PBXSourcesBuildPhase;
			buildActionMask = 2147483647;
			files = (
				B3F205B5202B7EF90088B443 /* ParallelFlock_Tests.swift in Sources */,
			);
			runOnlyForDeploymentPostprocessing = 0;
		};
/* End PBXSourcesBuildPhase section */

/* Begin PBXTargetDependency section */
		B3F205B2202B7EF90088B443 /* PBXTargetDependency */ = {
			isa = PBXTargetDependency;
			target = B3F205A5202B7EF90088B443 /* ParallelFlock-iOS */;
			targetProxy = B3F205B1202B7EF90088B443 /* PBXContainerItemProxy */;
		};
/* End PBXTargetDependency section */

/* Begin XCBuildConfiguration section */
		B357A8D3203A1097004BD19E /* Debug */ = {
			isa = XCBuildConfiguration;
			buildSettings = {
				APPLICATION_EXTENSION_API_ONLY = YES;
				CLANG_ENABLE_OBJC_WEAK = YES;
				CLANG_WARN_DEPRECATED_OBJC_IMPLEMENTATIONS = YES;
				CLANG_WARN_OBJC_IMPLICIT_RETAIN_SELF = YES;
				CODE_SIGN_IDENTITY = "";
				CODE_SIGN_STYLE = Automatic;
				DEFINES_MODULE = YES;
				DEVELOPMENT_TEAM = MLT7M394S7;
				DYLIB_COMPATIBILITY_VERSION = 1;
				DYLIB_CURRENT_VERSION = 1;
				DYLIB_INSTALL_NAME_BASE = "@rpath";
				INFOPLIST_FILE = "ParallelFlock-watchOS/Info.plist";
				INSTALL_PATH = "$(LOCAL_LIBRARY_DIR)/Frameworks";
				LD_RUNPATH_SEARCH_PATHS = "$(inherited) @executable_path/Frameworks @loader_path/Frameworks";
				PRODUCT_BUNDLE_IDENTIFIER = "com.brightdigit.ParallelFlock-watchOS";
				PRODUCT_NAME = ParallelFlock;
				SDKROOT = watchos;
				SKIP_INSTALL = YES;
				SWIFT_VERSION = 4.0;
				TARGETED_DEVICE_FAMILY = 4;
				WATCHOS_DEPLOYMENT_TARGET = 2.0;
			};
			name = Debug;
		};
		B357A8D4203A1097004BD19E /* Release */ = {
			isa = XCBuildConfiguration;
			buildSettings = {
				APPLICATION_EXTENSION_API_ONLY = YES;
				CLANG_ENABLE_OBJC_WEAK = YES;
				CLANG_WARN_DEPRECATED_OBJC_IMPLEMENTATIONS = YES;
				CLANG_WARN_OBJC_IMPLICIT_RETAIN_SELF = YES;
				CODE_SIGN_IDENTITY = "";
				CODE_SIGN_STYLE = Automatic;
				DEFINES_MODULE = YES;
				DEVELOPMENT_TEAM = MLT7M394S7;
				DYLIB_COMPATIBILITY_VERSION = 1;
				DYLIB_CURRENT_VERSION = 1;
				DYLIB_INSTALL_NAME_BASE = "@rpath";
				INFOPLIST_FILE = "ParallelFlock-watchOS/Info.plist";
				INSTALL_PATH = "$(LOCAL_LIBRARY_DIR)/Frameworks";
				LD_RUNPATH_SEARCH_PATHS = "$(inherited) @executable_path/Frameworks @loader_path/Frameworks";
				PRODUCT_BUNDLE_IDENTIFIER = "com.brightdigit.ParallelFlock-watchOS";
				PRODUCT_NAME = ParallelFlock;
				SDKROOT = watchos;
				SKIP_INSTALL = YES;
				SWIFT_OPTIMIZATION_LEVEL = "-Owholemodule";
				SWIFT_VERSION = 4.0;
				TARGETED_DEVICE_FAMILY = 4;
				WATCHOS_DEPLOYMENT_TARGET = 2.0;
			};
			name = Release;
		};
		B357A8E0203A10B9004BD19E /* Debug */ = {
			isa = XCBuildConfiguration;
			buildSettings = {
				APPLICATION_EXTENSION_API_ONLY = YES;
				CLANG_ENABLE_OBJC_WEAK = YES;
				CLANG_WARN_DEPRECATED_OBJC_IMPLEMENTATIONS = YES;
				CLANG_WARN_OBJC_IMPLICIT_RETAIN_SELF = YES;
				CODE_SIGN_IDENTITY = "";
				CODE_SIGN_STYLE = Automatic;
				DEFINES_MODULE = YES;
				DEVELOPMENT_TEAM = MLT7M394S7;
				DYLIB_COMPATIBILITY_VERSION = 1;
				DYLIB_CURRENT_VERSION = 1;
				DYLIB_INSTALL_NAME_BASE = "@rpath";
				INFOPLIST_FILE = "ParallelFlock-tvOS/Info.plist";
				INSTALL_PATH = "$(LOCAL_LIBRARY_DIR)/Frameworks";
				LD_RUNPATH_SEARCH_PATHS = "$(inherited) @executable_path/Frameworks @loader_path/Frameworks";
				PRODUCT_BUNDLE_IDENTIFIER = "com.brightdigit.ParallelFlock-tvOS";
				PRODUCT_NAME = ParallelFlock;
				SDKROOT = appletvos;
				SKIP_INSTALL = YES;
				SWIFT_VERSION = 4.0;
				TARGETED_DEVICE_FAMILY = 3;
				TVOS_DEPLOYMENT_TARGET = 9.0;
			};
			name = Debug;
		};
		B357A8E1203A10B9004BD19E /* Release */ = {
			isa = XCBuildConfiguration;
			buildSettings = {
				APPLICATION_EXTENSION_API_ONLY = YES;
				CLANG_ENABLE_OBJC_WEAK = YES;
				CLANG_WARN_DEPRECATED_OBJC_IMPLEMENTATIONS = YES;
				CLANG_WARN_OBJC_IMPLICIT_RETAIN_SELF = YES;
				CODE_SIGN_IDENTITY = "";
				CODE_SIGN_STYLE = Automatic;
				DEFINES_MODULE = YES;
				DEVELOPMENT_TEAM = MLT7M394S7;
				DYLIB_COMPATIBILITY_VERSION = 1;
				DYLIB_CURRENT_VERSION = 1;
				DYLIB_INSTALL_NAME_BASE = "@rpath";
				INFOPLIST_FILE = "ParallelFlock-tvOS/Info.plist";
				INSTALL_PATH = "$(LOCAL_LIBRARY_DIR)/Frameworks";
				LD_RUNPATH_SEARCH_PATHS = "$(inherited) @executable_path/Frameworks @loader_path/Frameworks";
				PRODUCT_BUNDLE_IDENTIFIER = "com.brightdigit.ParallelFlock-tvOS";
				PRODUCT_NAME = ParallelFlock;
				SDKROOT = appletvos;
				SKIP_INSTALL = YES;
				SWIFT_OPTIMIZATION_LEVEL = "-Owholemodule";
				SWIFT_VERSION = 4.0;
				TARGETED_DEVICE_FAMILY = 3;
				TVOS_DEPLOYMENT_TARGET = 9.0;
			};
			name = Release;
		};
		B357A8ED203A10C9004BD19E /* Debug */ = {
			isa = XCBuildConfiguration;
			buildSettings = {
				APPLICATION_EXTENSION_API_ONLY = YES;
				CLANG_ENABLE_OBJC_WEAK = YES;
				CLANG_WARN_DEPRECATED_OBJC_IMPLEMENTATIONS = YES;
				CLANG_WARN_OBJC_IMPLICIT_RETAIN_SELF = YES;
				CODE_SIGN_IDENTITY = "";
				CODE_SIGN_STYLE = Automatic;
				COMBINE_HIDPI_IMAGES = YES;
				DEFINES_MODULE = YES;
				DEVELOPMENT_TEAM = MLT7M394S7;
				DYLIB_COMPATIBILITY_VERSION = 1;
				DYLIB_CURRENT_VERSION = 1;
				DYLIB_INSTALL_NAME_BASE = "@rpath";
				FRAMEWORK_VERSION = A;
				INFOPLIST_FILE = "ParallelFlock-macOS/Info.plist";
				INSTALL_PATH = "$(LOCAL_LIBRARY_DIR)/Frameworks";
				LD_RUNPATH_SEARCH_PATHS = "$(inherited) @executable_path/../Frameworks @loader_path/Frameworks";
				PRODUCT_BUNDLE_IDENTIFIER = "com.brightdigit.ParallelFlock-macOS";
				PRODUCT_NAME = ParallelFlock;
				SDKROOT = macosx;
				SKIP_INSTALL = YES;
				SWIFT_VERSION = 4.0;
			};
			name = Debug;
		};
		B357A8EE203A10C9004BD19E /* Release */ = {
			isa = XCBuildConfiguration;
			buildSettings = {
				APPLICATION_EXTENSION_API_ONLY = YES;
				CLANG_ENABLE_OBJC_WEAK = YES;
				CLANG_WARN_DEPRECATED_OBJC_IMPLEMENTATIONS = YES;
				CLANG_WARN_OBJC_IMPLICIT_RETAIN_SELF = YES;
				CODE_SIGN_IDENTITY = "";
				CODE_SIGN_STYLE = Automatic;
				COMBINE_HIDPI_IMAGES = YES;
				DEFINES_MODULE = YES;
				DEVELOPMENT_TEAM = MLT7M394S7;
				DYLIB_COMPATIBILITY_VERSION = 1;
				DYLIB_CURRENT_VERSION = 1;
				DYLIB_INSTALL_NAME_BASE = "@rpath";
				FRAMEWORK_VERSION = A;
				INFOPLIST_FILE = "ParallelFlock-macOS/Info.plist";
				INSTALL_PATH = "$(LOCAL_LIBRARY_DIR)/Frameworks";
				LD_RUNPATH_SEARCH_PATHS = "$(inherited) @executable_path/../Frameworks @loader_path/Frameworks";
				PRODUCT_BUNDLE_IDENTIFIER = "com.brightdigit.ParallelFlock-macOS";
				PRODUCT_NAME = ParallelFlock;
				SDKROOT = macosx;
				SKIP_INSTALL = YES;
				SWIFT_OPTIMIZATION_LEVEL = "-Owholemodule";
				SWIFT_VERSION = 4.0;
			};
			name = Release;
		};
		B3F205B8202B7EF90088B443 /* Debug */ = {
			isa = XCBuildConfiguration;
			buildSettings = {
				ALWAYS_SEARCH_USER_PATHS = NO;
				CLANG_ANALYZER_NONNULL = YES;
				CLANG_ANALYZER_NUMBER_OBJECT_CONVERSION = YES_AGGRESSIVE;
				CLANG_CXX_LANGUAGE_STANDARD = "gnu++14";
				CLANG_CXX_LIBRARY = "libc++";
				CLANG_ENABLE_MODULES = YES;
				CLANG_ENABLE_OBJC_ARC = YES;
				CLANG_WARN_BLOCK_CAPTURE_AUTORELEASING = YES;
				CLANG_WARN_BOOL_CONVERSION = YES;
				CLANG_WARN_COMMA = YES;
				CLANG_WARN_CONSTANT_CONVERSION = YES;
				CLANG_WARN_DEPRECATED_OBJC_IMPLEMENTATIONS = YES;
				CLANG_WARN_DIRECT_OBJC_ISA_USAGE = YES_ERROR;
				CLANG_WARN_DOCUMENTATION_COMMENTS = YES;
				CLANG_WARN_EMPTY_BODY = YES;
				CLANG_WARN_ENUM_CONVERSION = YES;
				CLANG_WARN_INFINITE_RECURSION = YES;
				CLANG_WARN_INT_CONVERSION = YES;
				CLANG_WARN_NON_LITERAL_NULL_CONVERSION = YES;
				CLANG_WARN_OBJC_IMPLICIT_RETAIN_SELF = YES;
				CLANG_WARN_OBJC_LITERAL_CONVERSION = YES;
				CLANG_WARN_OBJC_ROOT_CLASS = YES_ERROR;
				CLANG_WARN_RANGE_LOOP_ANALYSIS = YES;
				CLANG_WARN_STRICT_PROTOTYPES = YES;
				CLANG_WARN_SUSPICIOUS_MOVE = YES;
				CLANG_WARN_UNGUARDED_AVAILABILITY = YES_AGGRESSIVE;
				CLANG_WARN_UNREACHABLE_CODE = YES;
				CLANG_WARN__DUPLICATE_METHOD_MATCH = YES;
				CODE_SIGN_IDENTITY = "iPhone Developer";
				COPY_PHASE_STRIP = NO;
				CURRENT_PROJECT_VERSION = 1;
				DEBUG_INFORMATION_FORMAT = dwarf;
				ENABLE_STRICT_OBJC_MSGSEND = YES;
				ENABLE_TESTABILITY = YES;
				GCC_C_LANGUAGE_STANDARD = gnu11;
				GCC_DYNAMIC_NO_PIC = NO;
				GCC_NO_COMMON_BLOCKS = YES;
				GCC_OPTIMIZATION_LEVEL = 0;
				GCC_PREPROCESSOR_DEFINITIONS = (
					"DEBUG=1",
					"$(inherited)",
				);
				GCC_WARN_64_TO_32_BIT_CONVERSION = YES;
				GCC_WARN_ABOUT_RETURN_TYPE = YES_ERROR;
				GCC_WARN_UNDECLARED_SELECTOR = YES;
				GCC_WARN_UNINITIALIZED_AUTOS = YES_AGGRESSIVE;
				GCC_WARN_UNUSED_FUNCTION = YES;
				GCC_WARN_UNUSED_VARIABLE = YES;
				IPHONEOS_DEPLOYMENT_TARGET = 8.0;
				MACOSX_DEPLOYMENT_TARGET = 10.9;
				MTL_ENABLE_DEBUG_INFO = YES;
				ONLY_ACTIVE_ARCH = YES;
				PRODUCT_MODULE_NAME = "$(PROJECT_NAME:c99extidentifier)";
				SDKROOT = iphoneos;
				SWIFT_ACTIVE_COMPILATION_CONDITIONS = DEBUG;
				SWIFT_OPTIMIZATION_LEVEL = "-Onone";
				VERSIONING_SYSTEM = "apple-generic";
				VERSION_INFO_PREFIX = "";
			};
			name = Debug;
		};
		B3F205B9202B7EF90088B443 /* Release */ = {
			isa = XCBuildConfiguration;
			buildSettings = {
				ALWAYS_SEARCH_USER_PATHS = NO;
				CLANG_ANALYZER_NONNULL = YES;
				CLANG_ANALYZER_NUMBER_OBJECT_CONVERSION = YES_AGGRESSIVE;
				CLANG_CXX_LANGUAGE_STANDARD = "gnu++14";
				CLANG_CXX_LIBRARY = "libc++";
				CLANG_ENABLE_MODULES = YES;
				CLANG_ENABLE_OBJC_ARC = YES;
				CLANG_WARN_BLOCK_CAPTURE_AUTORELEASING = YES;
				CLANG_WARN_BOOL_CONVERSION = YES;
				CLANG_WARN_COMMA = YES;
				CLANG_WARN_CONSTANT_CONVERSION = YES;
				CLANG_WARN_DEPRECATED_OBJC_IMPLEMENTATIONS = YES;
				CLANG_WARN_DIRECT_OBJC_ISA_USAGE = YES_ERROR;
				CLANG_WARN_DOCUMENTATION_COMMENTS = YES;
				CLANG_WARN_EMPTY_BODY = YES;
				CLANG_WARN_ENUM_CONVERSION = YES;
				CLANG_WARN_INFINITE_RECURSION = YES;
				CLANG_WARN_INT_CONVERSION = YES;
				CLANG_WARN_NON_LITERAL_NULL_CONVERSION = YES;
				CLANG_WARN_OBJC_IMPLICIT_RETAIN_SELF = YES;
				CLANG_WARN_OBJC_LITERAL_CONVERSION = YES;
				CLANG_WARN_OBJC_ROOT_CLASS = YES_ERROR;
				CLANG_WARN_RANGE_LOOP_ANALYSIS = YES;
				CLANG_WARN_STRICT_PROTOTYPES = YES;
				CLANG_WARN_SUSPICIOUS_MOVE = YES;
				CLANG_WARN_UNGUARDED_AVAILABILITY = YES_AGGRESSIVE;
				CLANG_WARN_UNREACHABLE_CODE = YES;
				CLANG_WARN__DUPLICATE_METHOD_MATCH = YES;
				CODE_SIGN_IDENTITY = "iPhone Developer";
				COPY_PHASE_STRIP = NO;
				CURRENT_PROJECT_VERSION = 1;
				DEBUG_INFORMATION_FORMAT = "dwarf-with-dsym";
				ENABLE_NS_ASSERTIONS = NO;
				ENABLE_STRICT_OBJC_MSGSEND = YES;
				GCC_C_LANGUAGE_STANDARD = gnu11;
				GCC_NO_COMMON_BLOCKS = YES;
				GCC_WARN_64_TO_32_BIT_CONVERSION = YES;
				GCC_WARN_ABOUT_RETURN_TYPE = YES_ERROR;
				GCC_WARN_UNDECLARED_SELECTOR = YES;
				GCC_WARN_UNINITIALIZED_AUTOS = YES_AGGRESSIVE;
				GCC_WARN_UNUSED_FUNCTION = YES;
				GCC_WARN_UNUSED_VARIABLE = YES;
				IPHONEOS_DEPLOYMENT_TARGET = 8.0;
				MACOSX_DEPLOYMENT_TARGET = 10.9;
				MTL_ENABLE_DEBUG_INFO = NO;
				PRODUCT_MODULE_NAME = "$(PROJECT_NAME:c99extidentifier)";
				SDKROOT = iphoneos;
				SWIFT_COMPILATION_MODE = wholemodule;
				SWIFT_OPTIMIZATION_LEVEL = "-Owholemodule";
				VALIDATE_PRODUCT = YES;
				VERSIONING_SYSTEM = "apple-generic";
				VERSION_INFO_PREFIX = "";
			};
			name = Release;
		};
		B3F205BB202B7EF90088B443 /* Debug */ = {
			isa = XCBuildConfiguration;
			buildSettings = {
				APPLICATION_EXTENSION_API_ONLY = YES;
				CLANG_ENABLE_MODULES = YES;
				CLANG_ENABLE_OBJC_WEAK = YES;
				CODE_SIGN_IDENTITY = "";
				CODE_SIGN_STYLE = Automatic;
				DEFINES_MODULE = YES;
				DEVELOPMENT_TEAM = MLT7M394S7;
				DYLIB_COMPATIBILITY_VERSION = 1;
				DYLIB_CURRENT_VERSION = 1;
				DYLIB_INSTALL_NAME_BASE = "@rpath";
				INFOPLIST_FILE = "ParallelFlock-iOS/Info.plist";
				INSTALL_PATH = "$(LOCAL_LIBRARY_DIR)/Frameworks";
				LD_RUNPATH_SEARCH_PATHS = "$(inherited) @executable_path/Frameworks @loader_path/Frameworks";
				PRODUCT_BUNDLE_IDENTIFIER = "com.brightdigit.ParallelFlock-iOS";
				PRODUCT_NAME = ParallelFlock;
				SKIP_INSTALL = YES;
				SWIFT_OPTIMIZATION_LEVEL = "-Onone";
				SWIFT_VERSION = 4.0;
				TARGETED_DEVICE_FAMILY = "1,2";
			};
			name = Debug;
		};
		B3F205BC202B7EF90088B443 /* Release */ = {
			isa = XCBuildConfiguration;
			buildSettings = {
				APPLICATION_EXTENSION_API_ONLY = YES;
				CLANG_ENABLE_MODULES = YES;
				CLANG_ENABLE_OBJC_WEAK = YES;
				CODE_SIGN_IDENTITY = "";
				CODE_SIGN_STYLE = Automatic;
				DEFINES_MODULE = YES;
				DEVELOPMENT_TEAM = MLT7M394S7;
				DYLIB_COMPATIBILITY_VERSION = 1;
				DYLIB_CURRENT_VERSION = 1;
				DYLIB_INSTALL_NAME_BASE = "@rpath";
				INFOPLIST_FILE = "ParallelFlock-iOS/Info.plist";
				INSTALL_PATH = "$(LOCAL_LIBRARY_DIR)/Frameworks";
				LD_RUNPATH_SEARCH_PATHS = "$(inherited) @executable_path/Frameworks @loader_path/Frameworks";
				PRODUCT_BUNDLE_IDENTIFIER = "com.brightdigit.ParallelFlock-iOS";
				PRODUCT_NAME = ParallelFlock;
				SKIP_INSTALL = YES;
				SWIFT_VERSION = 4.0;
				TARGETED_DEVICE_FAMILY = "1,2";
			};
			name = Release;
		};
		B3F205BE202B7EF90088B443 /* Debug */ = {
			isa = XCBuildConfiguration;
			buildSettings = {
				ALWAYS_EMBED_SWIFT_STANDARD_LIBRARIES = YES;
				CLANG_ENABLE_OBJC_WEAK = YES;
				CODE_SIGN_STYLE = Automatic;
				DEVELOPMENT_TEAM = MLT7M394S7;
				INFOPLIST_FILE = "ParallelFlock-iOSTests/Info.plist";
				LD_RUNPATH_SEARCH_PATHS = "$(inherited) @executable_path/Frameworks @loader_path/Frameworks";
				PRODUCT_BUNDLE_IDENTIFIER = "com.brightdigit.ParallelFlock-iOSTests";
				PRODUCT_NAME = "$(TARGET_NAME)";
				SWIFT_VERSION = 4.0;
				TARGETED_DEVICE_FAMILY = "1,2";
			};
			name = Debug;
		};
		B3F205BF202B7EF90088B443 /* Release */ = {
			isa = XCBuildConfiguration;
			buildSettings = {
				ALWAYS_EMBED_SWIFT_STANDARD_LIBRARIES = YES;
				CLANG_ENABLE_OBJC_WEAK = YES;
				CODE_SIGN_STYLE = Automatic;
				DEVELOPMENT_TEAM = MLT7M394S7;
				INFOPLIST_FILE = "ParallelFlock-iOSTests/Info.plist";
				LD_RUNPATH_SEARCH_PATHS = "$(inherited) @executable_path/Frameworks @loader_path/Frameworks";
				PRODUCT_BUNDLE_IDENTIFIER = "com.brightdigit.ParallelFlock-iOSTests";
				PRODUCT_NAME = "$(TARGET_NAME)";
				SWIFT_VERSION = 4.0;
				TARGETED_DEVICE_FAMILY = "1,2";
			};
			name = Release;
		};
/* End XCBuildConfiguration section */

/* Begin XCConfigurationList section */
		B357A8D2203A1097004BD19E /* Build configuration list for PBXNativeTarget "ParallelFlock-watchOS" */ = {
			isa = XCConfigurationList;
			buildConfigurations = (
				B357A8D3203A1097004BD19E /* Debug */,
				B357A8D4203A1097004BD19E /* Release */,
			);
			defaultConfigurationIsVisible = 0;
			defaultConfigurationName = Release;
		};
		B357A8DF203A10B9004BD19E /* Build configuration list for PBXNativeTarget "ParallelFlock-tvOS" */ = {
			isa = XCConfigurationList;
			buildConfigurations = (
				B357A8E0203A10B9004BD19E /* Debug */,
				B357A8E1203A10B9004BD19E /* Release */,
			);
			defaultConfigurationIsVisible = 0;
			defaultConfigurationName = Release;
		};
		B357A8EC203A10C9004BD19E /* Build configuration list for PBXNativeTarget "ParallelFlock-macOS" */ = {
			isa = XCConfigurationList;
			buildConfigurations = (
				B357A8ED203A10C9004BD19E /* Debug */,
				B357A8EE203A10C9004BD19E /* Release */,
			);
			defaultConfigurationIsVisible = 0;
			defaultConfigurationName = Release;
		};
		B3F205A0202B7EF90088B443 /* Build configuration list for PBXProject "ParallelFlock" */ = {
			isa = XCConfigurationList;
			buildConfigurations = (
				B3F205B8202B7EF90088B443 /* Debug */,
				B3F205B9202B7EF90088B443 /* Release */,
			);
			defaultConfigurationIsVisible = 0;
			defaultConfigurationName = Release;
		};
		B3F205BA202B7EF90088B443 /* Build configuration list for PBXNativeTarget "ParallelFlock-iOS" */ = {
			isa = XCConfigurationList;
			buildConfigurations = (
				B3F205BB202B7EF90088B443 /* Debug */,
				B3F205BC202B7EF90088B443 /* Release */,
			);
			defaultConfigurationIsVisible = 0;
			defaultConfigurationName = Release;
		};
		B3F205BD202B7EF90088B443 /* Build configuration list for PBXNativeTarget "ParallelFlock-iOSTests" */ = {
			isa = XCConfigurationList;
			buildConfigurations = (
				B3F205BE202B7EF90088B443 /* Debug */,
				B3F205BF202B7EF90088B443 /* Release */,
			);
			defaultConfigurationIsVisible = 0;
			defaultConfigurationName = Release;
		};
/* End XCConfigurationList section */
	};
	rootObject = B3F2059D202B7EF90088B443 /* Project object */;
}
