// !$*UTF8*$!
{
	archiveVersion = 1;
	classes = {
	};
	objectVersion = 48;
	objects = {

/* Begin PBXBuildFile section */
		B301BB6E204308E500FA8C4E /* ParallelFlock.framework in Frameworks */ = {isa = PBXBuildFile; fileRef = B3F205A6202B7EF90088B443 /* ParallelFlock.framework */; };
		B301BB6F204308E500FA8C4E /* ParallelFlock.framework in Embed Frameworks */ = {isa = PBXBuildFile; fileRef = B3F205A6202B7EF90088B443 /* ParallelFlock.framework */; settings = {ATTRIBUTES = (CodeSignOnCopy, RemoveHeadersOnCopy, ); }; };
		B31FA9B32048ADF4000CED17 /* ParallelMapOperation.swift in Sources */ = {isa = PBXBuildFile; fileRef = B3B00354203A690D0048A7CE /* ParallelMapOperation.swift */; };
		B31FA9B42048ADF4000CED17 /* ParallelMapOperation.swift in Sources */ = {isa = PBXBuildFile; fileRef = B3B00354203A690D0048A7CE /* ParallelMapOperation.swift */; };
		B31FA9B52048ADF5000CED17 /* ParallelMapOperation.swift in Sources */ = {isa = PBXBuildFile; fileRef = B3B00354203A690D0048A7CE /* ParallelMapOperation.swift */; };
		B31FA9B62048ADF5000CED17 /* ParallelMapOperation.swift in Sources */ = {isa = PBXBuildFile; fileRef = B3B00354203A690D0048A7CE /* ParallelMapOperation.swift */; };
		B321A82B2048896700D823E1 /* ParallelFlockPerformanceTests.swift in Sources */ = {isa = PBXBuildFile; fileRef = B321A82A2048896700D823E1 /* ParallelFlockPerformanceTests.swift */; };
		B321A82C2048896700D823E1 /* ParallelFlockPerformanceTests.swift in Sources */ = {isa = PBXBuildFile; fileRef = B321A82A2048896700D823E1 /* ParallelFlockPerformanceTests.swift */; };
		B321A82D2048896700D823E1 /* ParallelFlockPerformanceTests.swift in Sources */ = {isa = PBXBuildFile; fileRef = B321A82A2048896700D823E1 /* ParallelFlockPerformanceTests.swift */; };
		B357A8EF203A116C004BD19E /* Parallel.swift in Sources */ = {isa = PBXBuildFile; fileRef = B3CD0D19202B814D00A5D1A6 /* Parallel.swift */; };
		B357A8F0203A116C004BD19E /* Parallel.swift in Sources */ = {isa = PBXBuildFile; fileRef = B3CD0D19202B814D00A5D1A6 /* Parallel.swift */; };
		B357A8F1203A116D004BD19E /* Parallel.swift in Sources */ = {isa = PBXBuildFile; fileRef = B3CD0D19202B814D00A5D1A6 /* Parallel.swift */; };
		B357A8F2203A145E004BD19E /* ParallelFlock.h in Headers */ = {isa = PBXBuildFile; fileRef = B3F205A9202B7EF90088B443 /* ParallelFlock.h */; settings = {ATTRIBUTES = (Public, ); }; };
		B357A8F3203A145F004BD19E /* ParallelFlock.h in Headers */ = {isa = PBXBuildFile; fileRef = B3F205A9202B7EF90088B443 /* ParallelFlock.h */; settings = {ATTRIBUTES = (Public, ); }; };
		B357A8F4203A145F004BD19E /* ParallelFlock.h in Headers */ = {isa = PBXBuildFile; fileRef = B3F205A9202B7EF90088B443 /* ParallelFlock.h */; settings = {ATTRIBUTES = (Public, ); }; };
		B3B0032A203A601F0048A7CE /* ParallelFlock.framework in Frameworks */ = {isa = PBXBuildFile; fileRef = B3F205A6202B7EF90088B443 /* ParallelFlock.framework */; };
		B3B00330203A61440048A7CE /* ParallelFlockTests.swift in Sources */ = {isa = PBXBuildFile; fileRef = B3B00327203A601F0048A7CE /* ParallelFlockTests.swift */; };
		B3B0033A203A66040048A7CE /* ParallelFlock.framework in Frameworks */ = {isa = PBXBuildFile; fileRef = B357A8DA203A10B9004BD19E /* ParallelFlock.framework */; };
		B3B00340203A660B0048A7CE /* ParallelFlockTests.swift in Sources */ = {isa = PBXBuildFile; fileRef = B3B00327203A601F0048A7CE /* ParallelFlockTests.swift */; };
		B3B0034A203A662B0048A7CE /* ParallelFlock.framework in Frameworks */ = {isa = PBXBuildFile; fileRef = B357A8E7203A10C9004BD19E /* ParallelFlock.framework */; };
		B3B00350203A67400048A7CE /* ParallelFlockTests.swift in Sources */ = {isa = PBXBuildFile; fileRef = B3B00327203A601F0048A7CE /* ParallelFlockTests.swift */; };
		B3B0035A203A690E0048A7CE /* ParallelReduceOperation.swift in Sources */ = {isa = PBXBuildFile; fileRef = B3B00351203A690D0048A7CE /* ParallelReduceOperation.swift */; };
		B3B0035B203A690E0048A7CE /* ParallelReduceOperation.swift in Sources */ = {isa = PBXBuildFile; fileRef = B3B00351203A690D0048A7CE /* ParallelReduceOperation.swift */; };
		B3B0035C203A690E0048A7CE /* ParallelReduceOperation.swift in Sources */ = {isa = PBXBuildFile; fileRef = B3B00351203A690D0048A7CE /* ParallelReduceOperation.swift */; };
		B3B0035D203A690E0048A7CE /* ParallelReduceOperation.swift in Sources */ = {isa = PBXBuildFile; fileRef = B3B00351203A690D0048A7CE /* ParallelReduceOperation.swift */; };
		B3B0035E203A690E0048A7CE /* ParallelMapItemClosure.swift in Sources */ = {isa = PBXBuildFile; fileRef = B3B00352203A690D0048A7CE /* ParallelMapItemClosure.swift */; };
		B3B0035F203A690E0048A7CE /* ParallelMapItemClosure.swift in Sources */ = {isa = PBXBuildFile; fileRef = B3B00352203A690D0048A7CE /* ParallelMapItemClosure.swift */; };
		B3B00360203A690E0048A7CE /* ParallelMapItemClosure.swift in Sources */ = {isa = PBXBuildFile; fileRef = B3B00352203A690D0048A7CE /* ParallelMapItemClosure.swift */; };
		B3B00361203A690E0048A7CE /* ParallelMapItemClosure.swift in Sources */ = {isa = PBXBuildFile; fileRef = B3B00352203A690D0048A7CE /* ParallelMapItemClosure.swift */; };
		B3B00362203A690E0048A7CE /* ParallelMapCompletionClosure.swift in Sources */ = {isa = PBXBuildFile; fileRef = B3B00353203A690D0048A7CE /* ParallelMapCompletionClosure.swift */; };
		B3B00363203A690E0048A7CE /* ParallelMapCompletionClosure.swift in Sources */ = {isa = PBXBuildFile; fileRef = B3B00353203A690D0048A7CE /* ParallelMapCompletionClosure.swift */; };
		B3B00364203A690E0048A7CE /* ParallelMapCompletionClosure.swift in Sources */ = {isa = PBXBuildFile; fileRef = B3B00353203A690D0048A7CE /* ParallelMapCompletionClosure.swift */; };
		B3B00365203A690E0048A7CE /* ParallelMapCompletionClosure.swift in Sources */ = {isa = PBXBuildFile; fileRef = B3B00353203A690D0048A7CE /* ParallelMapCompletionClosure.swift */; };
		B3B0036A203A690E0048A7CE /* ParallelOperation.swift in Sources */ = {isa = PBXBuildFile; fileRef = B3B00355203A690D0048A7CE /* ParallelOperation.swift */; };
		B3B0036B203A690E0048A7CE /* ParallelOperation.swift in Sources */ = {isa = PBXBuildFile; fileRef = B3B00355203A690D0048A7CE /* ParallelOperation.swift */; };
		B3B0036C203A690E0048A7CE /* ParallelOperation.swift in Sources */ = {isa = PBXBuildFile; fileRef = B3B00355203A690D0048A7CE /* ParallelOperation.swift */; };
		B3B0036D203A690E0048A7CE /* ParallelOperation.swift in Sources */ = {isa = PBXBuildFile; fileRef = B3B00355203A690D0048A7CE /* ParallelOperation.swift */; };
		B3B0036E203A690E0048A7CE /* ParallelReduceItemClosure.swift in Sources */ = {isa = PBXBuildFile; fileRef = B3B00356203A690D0048A7CE /* ParallelReduceItemClosure.swift */; };
		B3B0036F203A690E0048A7CE /* ParallelReduceItemClosure.swift in Sources */ = {isa = PBXBuildFile; fileRef = B3B00356203A690D0048A7CE /* ParallelReduceItemClosure.swift */; };
		B3B00370203A690E0048A7CE /* ParallelReduceItemClosure.swift in Sources */ = {isa = PBXBuildFile; fileRef = B3B00356203A690D0048A7CE /* ParallelReduceItemClosure.swift */; };
		B3B00371203A690E0048A7CE /* ParallelReduceItemClosure.swift in Sources */ = {isa = PBXBuildFile; fileRef = B3B00356203A690D0048A7CE /* ParallelReduceItemClosure.swift */; };
		B3B00372203A690E0048A7CE /* ParallelOptions.swift in Sources */ = {isa = PBXBuildFile; fileRef = B3B00357203A690D0048A7CE /* ParallelOptions.swift */; };
		B3B00373203A690E0048A7CE /* ParallelOptions.swift in Sources */ = {isa = PBXBuildFile; fileRef = B3B00357203A690D0048A7CE /* ParallelOptions.swift */; };
		B3B00374203A690E0048A7CE /* ParallelOptions.swift in Sources */ = {isa = PBXBuildFile; fileRef = B3B00357203A690D0048A7CE /* ParallelOptions.swift */; };
		B3B00375203A690E0048A7CE /* ParallelOptions.swift in Sources */ = {isa = PBXBuildFile; fileRef = B3B00357203A690D0048A7CE /* ParallelOptions.swift */; };
		B3B00376203A690E0048A7CE /* ParallelOperationStatus.swift in Sources */ = {isa = PBXBuildFile; fileRef = B3B00358203A690D0048A7CE /* ParallelOperationStatus.swift */; };
		B3B00377203A690E0048A7CE /* ParallelOperationStatus.swift in Sources */ = {isa = PBXBuildFile; fileRef = B3B00358203A690D0048A7CE /* ParallelOperationStatus.swift */; };
		B3B00378203A690E0048A7CE /* ParallelOperationStatus.swift in Sources */ = {isa = PBXBuildFile; fileRef = B3B00358203A690D0048A7CE /* ParallelOperationStatus.swift */; };
		B3B00379203A690E0048A7CE /* ParallelOperationStatus.swift in Sources */ = {isa = PBXBuildFile; fileRef = B3B00358203A690D0048A7CE /* ParallelOperationStatus.swift */; };
		B3B0037A203A690E0048A7CE /* ParallelCompletionClosure.swift in Sources */ = {isa = PBXBuildFile; fileRef = B3B00359203A690E0048A7CE /* ParallelCompletionClosure.swift */; };
		B3B0037B203A690E0048A7CE /* ParallelCompletionClosure.swift in Sources */ = {isa = PBXBuildFile; fileRef = B3B00359203A690E0048A7CE /* ParallelCompletionClosure.swift */; };
		B3B0037C203A690E0048A7CE /* ParallelCompletionClosure.swift in Sources */ = {isa = PBXBuildFile; fileRef = B3B00359203A690E0048A7CE /* ParallelCompletionClosure.swift */; };
		B3B0037D203A690E0048A7CE /* ParallelCompletionClosure.swift in Sources */ = {isa = PBXBuildFile; fileRef = B3B00359203A690E0048A7CE /* ParallelCompletionClosure.swift */; };
		B3CD0D1A202B814D00A5D1A6 /* Parallel.swift in Sources */ = {isa = PBXBuildFile; fileRef = B3CD0D19202B814D00A5D1A6 /* Parallel.swift */; };
		B3F205B7202B7EF90088B443 /* ParallelFlock.h in Headers */ = {isa = PBXBuildFile; fileRef = B3F205A9202B7EF90088B443 /* ParallelFlock.h */; settings = {ATTRIBUTES = (Public, ); }; };
		B3FC26AA2040554600D24CFA /* AppDelegate.swift in Sources */ = {isa = PBXBuildFile; fileRef = B3FC26A92040554600D24CFA /* AppDelegate.swift */; };
		B3FC26AC2040554600D24CFA /* MasterViewController.swift in Sources */ = {isa = PBXBuildFile; fileRef = B3FC26AB2040554600D24CFA /* MasterViewController.swift */; };
		B3FC26AE2040554600D24CFA /* DetailViewController.swift in Sources */ = {isa = PBXBuildFile; fileRef = B3FC26AD2040554600D24CFA /* DetailViewController.swift */; };
		B3FC26B12040554600D24CFA /* Main.storyboard in Resources */ = {isa = PBXBuildFile; fileRef = B3FC26AF2040554600D24CFA /* Main.storyboard */; };
		B3FC26B32040554700D24CFA /* Assets.xcassets in Resources */ = {isa = PBXBuildFile; fileRef = B3FC26B22040554700D24CFA /* Assets.xcassets */; };
		B3FC26B62040554700D24CFA /* LaunchScreen.storyboard in Resources */ = {isa = PBXBuildFile; fileRef = B3FC26B42040554700D24CFA /* LaunchScreen.storyboard */; };
/* End PBXBuildFile section */

/* Begin PBXContainerItemProxy section */
		B301BB70204308E500FA8C4E /* PBXContainerItemProxy */ = {
			isa = PBXContainerItemProxy;
			containerPortal = B3F2059D202B7EF90088B443 /* Project object */;
			proxyType = 1;
			remoteGlobalIDString = B3F205A5202B7EF90088B443;
			remoteInfo = "ParallelFlock-iOS";
		};
		B3B0032B203A601F0048A7CE /* PBXContainerItemProxy */ = {
			isa = PBXContainerItemProxy;
			containerPortal = B3F2059D202B7EF90088B443 /* Project object */;
			proxyType = 1;
			remoteGlobalIDString = B3F205A5202B7EF90088B443;
			remoteInfo = "ParallelFlock-iOS";
		};
		B3B0033B203A66040048A7CE /* PBXContainerItemProxy */ = {
			isa = PBXContainerItemProxy;
			containerPortal = B3F2059D202B7EF90088B443 /* Project object */;
			proxyType = 1;
			remoteGlobalIDString = B357A8D9203A10B9004BD19E;
			remoteInfo = "ParallelFlock-tvOS";
		};
		B3B0034B203A662B0048A7CE /* PBXContainerItemProxy */ = {
			isa = PBXContainerItemProxy;
			containerPortal = B3F2059D202B7EF90088B443 /* Project object */;
			proxyType = 1;
			remoteGlobalIDString = B357A8E6203A10C9004BD19E;
			remoteInfo = "ParallelFlock-macOS";
		};
/* End PBXContainerItemProxy section */

/* Begin PBXCopyFilesBuildPhase section */
		B301BB72204308E500FA8C4E /* Embed Frameworks */ = {
			isa = PBXCopyFilesBuildPhase;
			buildActionMask = 2147483647;
			dstPath = "";
			dstSubfolderSpec = 10;
			files = (
				B301BB6F204308E500FA8C4E /* ParallelFlock.framework in Embed Frameworks */,
			);
			name = "Embed Frameworks";
			runOnlyForDeploymentPostprocessing = 0;
		};
/* End PBXCopyFilesBuildPhase section */

/* Begin PBXFileReference section */
		B30625BD204AE0A4009D1B4B /* Gemfile */ = {isa = PBXFileReference; lastKnownFileType = text; path = Gemfile; sourceTree = "<group>"; };
		B321A82A2048896700D823E1 /* ParallelFlockPerformanceTests.swift */ = {isa = PBXFileReference; fileEncoding = 4; lastKnownFileType = sourcecode.swift; path = ParallelFlockPerformanceTests.swift; sourceTree = "<group>"; };
		B32840B5203B6172006053DA /* Brewfile */ = {isa = PBXFileReference; lastKnownFileType = text; path = Brewfile; sourceTree = "<group>"; };
		B32840B6203B617B006053DA /* .swiftlint.yml */ = {isa = PBXFileReference; fileEncoding = 4; lastKnownFileType = text; path = .swiftlint.yml; sourceTree = "<group>"; };
		B357A8CD203A1097004BD19E /* ParallelFlock.framework */ = {isa = PBXFileReference; explicitFileType = wrapper.framework; includeInIndex = 0; path = ParallelFlock.framework; sourceTree = BUILT_PRODUCTS_DIR; };
		B357A8D0203A1097004BD19E /* Info-watchOS.plist */ = {isa = PBXFileReference; lastKnownFileType = text.plist.xml; path = "Info-watchOS.plist"; sourceTree = "<group>"; };
		B357A8DA203A10B9004BD19E /* ParallelFlock.framework */ = {isa = PBXFileReference; explicitFileType = wrapper.framework; includeInIndex = 0; path = ParallelFlock.framework; sourceTree = BUILT_PRODUCTS_DIR; };
		B357A8DD203A10B9004BD19E /* Info-tvOS.plist */ = {isa = PBXFileReference; lastKnownFileType = text.plist.xml; path = "Info-tvOS.plist"; sourceTree = "<group>"; };
		B357A8E7203A10C9004BD19E /* ParallelFlock.framework */ = {isa = PBXFileReference; explicitFileType = wrapper.framework; includeInIndex = 0; path = ParallelFlock.framework; sourceTree = BUILT_PRODUCTS_DIR; };
		B357A8EA203A10C9004BD19E /* Info-macOS.plist */ = {isa = PBXFileReference; lastKnownFileType = text.plist.xml; path = "Info-macOS.plist"; sourceTree = "<group>"; };
		B3A0AB86203B6C86001D01F4 /* .travis.yml */ = {isa = PBXFileReference; lastKnownFileType = text; path = .travis.yml; sourceTree = "<group>"; };
		B3A0AB87203B6C86001D01F4 /* README.md */ = {isa = PBXFileReference; lastKnownFileType = net.daringfireball.markdown; path = README.md; sourceTree = "<group>"; };
		B3A0AB88203B6C86001D01F4 /* .gitignore */ = {isa = PBXFileReference; lastKnownFileType = text; path = .gitignore; sourceTree = "<group>"; };
		B3B00325203A601F0048A7CE /* ParallelFlockTests_iOS.xctest */ = {isa = PBXFileReference; explicitFileType = wrapper.cfbundle; includeInIndex = 0; path = ParallelFlockTests_iOS.xctest; sourceTree = BUILT_PRODUCTS_DIR; };
		B3B00327203A601F0048A7CE /* ParallelFlockTests.swift */ = {isa = PBXFileReference; lastKnownFileType = sourcecode.swift; path = ParallelFlockTests.swift; sourceTree = "<group>"; };
		B3B00329203A601F0048A7CE /* Info-iOS.plist */ = {isa = PBXFileReference; lastKnownFileType = text.plist.xml; path = "Info-iOS.plist"; sourceTree = "<group>"; };
		B3B00335203A66040048A7CE /* ParallelFlockTests_tvOS.xctest */ = {isa = PBXFileReference; explicitFileType = wrapper.cfbundle; includeInIndex = 0; path = ParallelFlockTests_tvOS.xctest; sourceTree = BUILT_PRODUCTS_DIR; };
		B3B00339203A66040048A7CE /* Info-tvOS.plist */ = {isa = PBXFileReference; lastKnownFileType = text.plist.xml; path = "Info-tvOS.plist"; sourceTree = "<group>"; };
		B3B00345203A662A0048A7CE /* ParallelFlockTests_macOS.xctest */ = {isa = PBXFileReference; explicitFileType = wrapper.cfbundle; includeInIndex = 0; path = ParallelFlockTests_macOS.xctest; sourceTree = BUILT_PRODUCTS_DIR; };
		B3B00349203A662B0048A7CE /* Info-macOS.plist */ = {isa = PBXFileReference; lastKnownFileType = text.plist.xml; path = "Info-macOS.plist"; sourceTree = "<group>"; };
		B3B00351203A690D0048A7CE /* ParallelReduceOperation.swift */ = {isa = PBXFileReference; fileEncoding = 4; lastKnownFileType = sourcecode.swift; path = ParallelReduceOperation.swift; sourceTree = "<group>"; };
		B3B00352203A690D0048A7CE /* ParallelMapItemClosure.swift */ = {isa = PBXFileReference; fileEncoding = 4; lastKnownFileType = sourcecode.swift; path = ParallelMapItemClosure.swift; sourceTree = "<group>"; };
		B3B00353203A690D0048A7CE /* ParallelMapCompletionClosure.swift */ = {isa = PBXFileReference; fileEncoding = 4; lastKnownFileType = sourcecode.swift; path = ParallelMapCompletionClosure.swift; sourceTree = "<group>"; };
		B3B00354203A690D0048A7CE /* ParallelMapOperation.swift */ = {isa = PBXFileReference; fileEncoding = 4; lastKnownFileType = sourcecode.swift; path = ParallelMapOperation.swift; sourceTree = "<group>"; };
		B3B00355203A690D0048A7CE /* ParallelOperation.swift */ = {isa = PBXFileReference; fileEncoding = 4; lastKnownFileType = sourcecode.swift; path = ParallelOperation.swift; sourceTree = "<group>"; };
		B3B00356203A690D0048A7CE /* ParallelReduceItemClosure.swift */ = {isa = PBXFileReference; fileEncoding = 4; lastKnownFileType = sourcecode.swift; path = ParallelReduceItemClosure.swift; sourceTree = "<group>"; };
		B3B00357203A690D0048A7CE /* ParallelOptions.swift */ = {isa = PBXFileReference; fileEncoding = 4; lastKnownFileType = sourcecode.swift; path = ParallelOptions.swift; sourceTree = "<group>"; };
		B3B00358203A690D0048A7CE /* ParallelOperationStatus.swift */ = {isa = PBXFileReference; fileEncoding = 4; lastKnownFileType = sourcecode.swift; path = ParallelOperationStatus.swift; sourceTree = "<group>"; };
		B3B00359203A690E0048A7CE /* ParallelCompletionClosure.swift */ = {isa = PBXFileReference; fileEncoding = 4; lastKnownFileType = sourcecode.swift; path = ParallelCompletionClosure.swift; sourceTree = "<group>"; };
		B3CD0D19202B814D00A5D1A6 /* Parallel.swift */ = {isa = PBXFileReference; lastKnownFileType = sourcecode.swift; path = Parallel.swift; sourceTree = "<group>"; };
		B3F205A6202B7EF90088B443 /* ParallelFlock.framework */ = {isa = PBXFileReference; explicitFileType = wrapper.framework; includeInIndex = 0; path = ParallelFlock.framework; sourceTree = BUILT_PRODUCTS_DIR; };
		B3F205A9202B7EF90088B443 /* ParallelFlock.h */ = {isa = PBXFileReference; lastKnownFileType = sourcecode.c.h; path = ParallelFlock.h; sourceTree = "<group>"; };
		B3F205AA202B7EF90088B443 /* Info-iOS.plist */ = {isa = PBXFileReference; lastKnownFileType = text.plist.xml; path = "Info-iOS.plist"; sourceTree = "<group>"; };
		B3FC26A72040554600D24CFA /* ParallelFlockApp-iOS.app */ = {isa = PBXFileReference; explicitFileType = wrapper.application; includeInIndex = 0; path = "ParallelFlockApp-iOS.app"; sourceTree = BUILT_PRODUCTS_DIR; };
		B3FC26A92040554600D24CFA /* AppDelegate.swift */ = {isa = PBXFileReference; lastKnownFileType = sourcecode.swift; path = AppDelegate.swift; sourceTree = "<group>"; };
		B3FC26AB2040554600D24CFA /* MasterViewController.swift */ = {isa = PBXFileReference; lastKnownFileType = sourcecode.swift; path = MasterViewController.swift; sourceTree = "<group>"; };
		B3FC26AD2040554600D24CFA /* DetailViewController.swift */ = {isa = PBXFileReference; lastKnownFileType = sourcecode.swift; path = DetailViewController.swift; sourceTree = "<group>"; };
		B3FC26B02040554600D24CFA /* Base */ = {isa = PBXFileReference; lastKnownFileType = file.storyboard; name = Base; path = Base.lproj/Main.storyboard; sourceTree = "<group>"; };
		B3FC26B22040554700D24CFA /* Assets.xcassets */ = {isa = PBXFileReference; lastKnownFileType = folder.assetcatalog; path = Assets.xcassets; sourceTree = "<group>"; };
		B3FC26B52040554700D24CFA /* Base */ = {isa = PBXFileReference; lastKnownFileType = file.storyboard; name = Base; path = Base.lproj/LaunchScreen.storyboard; sourceTree = "<group>"; };
		B3FC26B72040554700D24CFA /* Info.plist */ = {isa = PBXFileReference; lastKnownFileType = text.plist.xml; path = Info.plist; sourceTree = "<group>"; };
/* End PBXFileReference section */

/* Begin PBXFrameworksBuildPhase section */
		B357A8C9203A1097004BD19E /* Frameworks */ = {
			isa = PBXFrameworksBuildPhase;
			buildActionMask = 2147483647;
			files = (
			);
			runOnlyForDeploymentPostprocessing = 0;
		};
		B357A8D6203A10B9004BD19E /* Frameworks */ = {
			isa = PBXFrameworksBuildPhase;
			buildActionMask = 2147483647;
			files = (
			);
			runOnlyForDeploymentPostprocessing = 0;
		};
		B357A8E3203A10C9004BD19E /* Frameworks */ = {
			isa = PBXFrameworksBuildPhase;
			buildActionMask = 2147483647;
			files = (
			);
			runOnlyForDeploymentPostprocessing = 0;
		};
		B3B00322203A601F0048A7CE /* Frameworks */ = {
			isa = PBXFrameworksBuildPhase;
			buildActionMask = 2147483647;
			files = (
				B3B0032A203A601F0048A7CE /* ParallelFlock.framework in Frameworks */,
			);
			runOnlyForDeploymentPostprocessing = 0;
		};
		B3B00332203A66040048A7CE /* Frameworks */ = {
			isa = PBXFrameworksBuildPhase;
			buildActionMask = 2147483647;
			files = (
				B3B0033A203A66040048A7CE /* ParallelFlock.framework in Frameworks */,
			);
			runOnlyForDeploymentPostprocessing = 0;
		};
		B3B00342203A662A0048A7CE /* Frameworks */ = {
			isa = PBXFrameworksBuildPhase;
			buildActionMask = 2147483647;
			files = (
				B3B0034A203A662B0048A7CE /* ParallelFlock.framework in Frameworks */,
			);
			runOnlyForDeploymentPostprocessing = 0;
		};
		B3F205A2202B7EF90088B443 /* Frameworks */ = {
			isa = PBXFrameworksBuildPhase;
			buildActionMask = 2147483647;
			files = (
			);
			runOnlyForDeploymentPostprocessing = 0;
		};
		B3FC26A42040554600D24CFA /* Frameworks */ = {
			isa = PBXFrameworksBuildPhase;
			buildActionMask = 2147483647;
			files = (
				B301BB6E204308E500FA8C4E /* ParallelFlock.framework in Frameworks */,
			);
			runOnlyForDeploymentPostprocessing = 0;
		};
/* End PBXFrameworksBuildPhase section */

/* Begin PBXGroup section */
		B301BB67204308D800FA8C4E /* Frameworks */ = {
			isa = PBXGroup;
			children = (
			);
			name = Frameworks;
			sourceTree = "<group>";
		};
		B3B00326203A601F0048A7CE /* ParallelFlockTests */ = {
			isa = PBXGroup;
			children = (
				B321A82A2048896700D823E1 /* ParallelFlockPerformanceTests.swift */,
				B3B00327203A601F0048A7CE /* ParallelFlockTests.swift */,
				B3B00339203A66040048A7CE /* Info-tvOS.plist */,
				B3B00329203A601F0048A7CE /* Info-iOS.plist */,
				B3B00349203A662B0048A7CE /* Info-macOS.plist */,
			);
			path = ParallelFlockTests;
			sourceTree = "<group>";
		};
		B3F2059C202B7EF90088B443 = {
			isa = PBXGroup;
			children = (
				B30625BD204AE0A4009D1B4B /* Gemfile */,
				B3A0AB88203B6C86001D01F4 /* .gitignore */,
				B3A0AB86203B6C86001D01F4 /* .travis.yml */,
				B3A0AB87203B6C86001D01F4 /* README.md */,
				B32840B6203B617B006053DA /* .swiftlint.yml */,
				B32840B5203B6172006053DA /* Brewfile */,
				B3F205A8202B7EF90088B443 /* ParallelFlock */,
				B3B00326203A601F0048A7CE /* ParallelFlockTests */,
				B3FC26A82040554600D24CFA /* ParallelFlockApp-iOS */,
				B3F205A7202B7EF90088B443 /* Products */,
				B301BB67204308D800FA8C4E /* Frameworks */,
			);
			sourceTree = "<group>";
		};
		B3F205A7202B7EF90088B443 /* Products */ = {
			isa = PBXGroup;
			children = (
				B3F205A6202B7EF90088B443 /* ParallelFlock.framework */,
				B357A8CD203A1097004BD19E /* ParallelFlock.framework */,
				B357A8DA203A10B9004BD19E /* ParallelFlock.framework */,
				B357A8E7203A10C9004BD19E /* ParallelFlock.framework */,
				B3B00325203A601F0048A7CE /* ParallelFlockTests_iOS.xctest */,
				B3B00335203A66040048A7CE /* ParallelFlockTests_tvOS.xctest */,
				B3B00345203A662A0048A7CE /* ParallelFlockTests_macOS.xctest */,
				B3FC26A72040554600D24CFA /* ParallelFlockApp-iOS.app */,
			);
			name = Products;
			sourceTree = "<group>";
		};
		B3F205A8202B7EF90088B443 /* ParallelFlock */ = {
			isa = PBXGroup;
			children = (
				B3B00359203A690E0048A7CE /* ParallelCompletionClosure.swift */,
				B3B00353203A690D0048A7CE /* ParallelMapCompletionClosure.swift */,
				B3B00352203A690D0048A7CE /* ParallelMapItemClosure.swift */,
				B3B00354203A690D0048A7CE /* ParallelMapOperation.swift */,
				B3B00355203A690D0048A7CE /* ParallelOperation.swift */,
				B3B00358203A690D0048A7CE /* ParallelOperationStatus.swift */,
				B3B00357203A690D0048A7CE /* ParallelOptions.swift */,
				B3B00356203A690D0048A7CE /* ParallelReduceItemClosure.swift */,
				B3B00351203A690D0048A7CE /* ParallelReduceOperation.swift */,
				B357A8D0203A1097004BD19E /* Info-watchOS.plist */,
				B357A8DD203A10B9004BD19E /* Info-tvOS.plist */,
				B357A8EA203A10C9004BD19E /* Info-macOS.plist */,
				B3F205A9202B7EF90088B443 /* ParallelFlock.h */,
				B3F205AA202B7EF90088B443 /* Info-iOS.plist */,
				B3CD0D19202B814D00A5D1A6 /* Parallel.swift */,
			);
			path = ParallelFlock;
			sourceTree = "<group>";
		};
		B3FC26A82040554600D24CFA /* ParallelFlockApp-iOS */ = {
			isa = PBXGroup;
			children = (
				B3FC26A92040554600D24CFA /* AppDelegate.swift */,
				B3FC26AB2040554600D24CFA /* MasterViewController.swift */,
				B3FC26AD2040554600D24CFA /* DetailViewController.swift */,
				B3FC26AF2040554600D24CFA /* Main.storyboard */,
				B3FC26B22040554700D24CFA /* Assets.xcassets */,
				B3FC26B42040554700D24CFA /* LaunchScreen.storyboard */,
				B3FC26B72040554700D24CFA /* Info.plist */,
			);
			path = "ParallelFlockApp-iOS";
			sourceTree = "<group>";
		};
/* End PBXGroup section */

/* Begin PBXHeadersBuildPhase section */
		B357A8CA203A1097004BD19E /* Headers */ = {
			isa = PBXHeadersBuildPhase;
			buildActionMask = 2147483647;
			files = (
				B357A8F2203A145E004BD19E /* ParallelFlock.h in Headers */,
			);
			runOnlyForDeploymentPostprocessing = 0;
		};
		B357A8D7203A10B9004BD19E /* Headers */ = {
			isa = PBXHeadersBuildPhase;
			buildActionMask = 2147483647;
			files = (
				B357A8F3203A145F004BD19E /* ParallelFlock.h in Headers */,
			);
			runOnlyForDeploymentPostprocessing = 0;
		};
		B357A8E4203A10C9004BD19E /* Headers */ = {
			isa = PBXHeadersBuildPhase;
			buildActionMask = 2147483647;
			files = (
				B357A8F4203A145F004BD19E /* ParallelFlock.h in Headers */,
			);
			runOnlyForDeploymentPostprocessing = 0;
		};
		B3F205A3202B7EF90088B443 /* Headers */ = {
			isa = PBXHeadersBuildPhase;
			buildActionMask = 2147483647;
			files = (
				B3F205B7202B7EF90088B443 /* ParallelFlock.h in Headers */,
			);
			runOnlyForDeploymentPostprocessing = 0;
		};
/* End PBXHeadersBuildPhase section */

/* Begin PBXNativeTarget section */
		B357A8CC203A1097004BD19E /* ParallelFlock-watchOS */ = {
			isa = PBXNativeTarget;
			buildConfigurationList = B357A8D2203A1097004BD19E /* Build configuration list for PBXNativeTarget "ParallelFlock-watchOS" */;
			buildPhases = (
				B32840C9203B6381006053DA /* SwiftFormat */,
				B32840CD203B639B006053DA /* SwiftLint */,
				B357A8C8203A1097004BD19E /* Sources */,
				B357A8C9203A1097004BD19E /* Frameworks */,
				B357A8CA203A1097004BD19E /* Headers */,
				B357A8CB203A1097004BD19E /* Resources */,
			);
			buildRules = (
			);
			dependencies = (
			);
			name = "ParallelFlock-watchOS";
			productName = "ParallelFlock-watchOS";
			productReference = B357A8CD203A1097004BD19E /* ParallelFlock.framework */;
			productType = "com.apple.product-type.framework";
		};
		B357A8D9203A10B9004BD19E /* ParallelFlock-tvOS */ = {
			isa = PBXNativeTarget;
			buildConfigurationList = B357A8DF203A10B9004BD19E /* Build configuration list for PBXNativeTarget "ParallelFlock-tvOS" */;
			buildPhases = (
				B32840CA203B6386006053DA /* SwiftFormat */,
				B32840CE203B63A2006053DA /* SwiftLint */,
				B357A8D5203A10B9004BD19E /* Sources */,
				B357A8D6203A10B9004BD19E /* Frameworks */,
				B357A8D7203A10B9004BD19E /* Headers */,
				B357A8D8203A10B9004BD19E /* Resources */,
			);
			buildRules = (
			);
			dependencies = (
			);
			name = "ParallelFlock-tvOS";
			productName = "ParallelFlock-tvOS";
			productReference = B357A8DA203A10B9004BD19E /* ParallelFlock.framework */;
			productType = "com.apple.product-type.framework";
		};
		B357A8E6203A10C9004BD19E /* ParallelFlock-macOS */ = {
			isa = PBXNativeTarget;
			buildConfigurationList = B357A8EC203A10C9004BD19E /* Build configuration list for PBXNativeTarget "ParallelFlock-macOS" */;
			buildPhases = (
				B32840CB203B638A006053DA /* SwiftFormat */,
				B32840CF203B63A7006053DA /* SwiftLint */,
				B357A8E2203A10C9004BD19E /* Sources */,
				B357A8E3203A10C9004BD19E /* Frameworks */,
				B357A8E4203A10C9004BD19E /* Headers */,
				B357A8E5203A10C9004BD19E /* Resources */,
			);
			buildRules = (
			);
			dependencies = (
			);
			name = "ParallelFlock-macOS";
			productName = "ParallelFlock-macOS";
			productReference = B357A8E7203A10C9004BD19E /* ParallelFlock.framework */;
			productType = "com.apple.product-type.framework";
		};
		B3B00324203A601F0048A7CE /* ParallelFlockTests_iOS */ = {
			isa = PBXNativeTarget;
			buildConfigurationList = B3B0032D203A601F0048A7CE /* Build configuration list for PBXNativeTarget "ParallelFlockTests_iOS" */;
			buildPhases = (
				B3B00321203A601F0048A7CE /* Sources */,
				B3B00322203A601F0048A7CE /* Frameworks */,
				B3B00323203A601F0048A7CE /* Resources */,
			);
			buildRules = (
			);
			dependencies = (
				B3B0032C203A601F0048A7CE /* PBXTargetDependency */,
			);
			name = ParallelFlockTests_iOS;
			productName = ParallelFlockTests_iOS;
			productReference = B3B00325203A601F0048A7CE /* ParallelFlockTests_iOS.xctest */;
			productType = "com.apple.product-type.bundle.unit-test";
		};
		B3B00334203A66040048A7CE /* ParallelFlockTests_tvOS */ = {
			isa = PBXNativeTarget;
			buildConfigurationList = B3B0033D203A66040048A7CE /* Build configuration list for PBXNativeTarget "ParallelFlockTests_tvOS" */;
			buildPhases = (
				B3B00331203A66040048A7CE /* Sources */,
				B3B00332203A66040048A7CE /* Frameworks */,
				B3B00333203A66040048A7CE /* Resources */,
			);
			buildRules = (
			);
			dependencies = (
				B3B0033C203A66040048A7CE /* PBXTargetDependency */,
			);
			name = ParallelFlockTests_tvOS;
			productName = ParallelFlockTests_tvOS;
			productReference = B3B00335203A66040048A7CE /* ParallelFlockTests_tvOS.xctest */;
			productType = "com.apple.product-type.bundle.unit-test";
		};
		B3B00344203A662A0048A7CE /* ParallelFlockTests_macOS */ = {
			isa = PBXNativeTarget;
			buildConfigurationList = B3B0034D203A662B0048A7CE /* Build configuration list for PBXNativeTarget "ParallelFlockTests_macOS" */;
			buildPhases = (
				B3B00341203A662A0048A7CE /* Sources */,
				B3B00342203A662A0048A7CE /* Frameworks */,
				B3B00343203A662A0048A7CE /* Resources */,
			);
			buildRules = (
			);
			dependencies = (
				B3B0034C203A662B0048A7CE /* PBXTargetDependency */,
			);
			name = ParallelFlockTests_macOS;
			productName = ParallelFlockTests_macOS;
			productReference = B3B00345203A662A0048A7CE /* ParallelFlockTests_macOS.xctest */;
			productType = "com.apple.product-type.bundle.unit-test";
		};
		B3F205A5202B7EF90088B443 /* ParallelFlock-iOS */ = {
			isa = PBXNativeTarget;
			buildConfigurationList = B3F205BA202B7EF90088B443 /* Build configuration list for PBXNativeTarget "ParallelFlock-iOS" */;
			buildPhases = (
				B32840C8203B637A006053DA /* SwiftFormat */,
				B32840CC203B6393006053DA /* SwiftLint */,
				B3F205A1202B7EF90088B443 /* Sources */,
				B3F205A2202B7EF90088B443 /* Frameworks */,
				B3F205A3202B7EF90088B443 /* Headers */,
				B3F205A4202B7EF90088B443 /* Resources */,
			);
			buildRules = (
			);
			dependencies = (
			);
			name = "ParallelFlock-iOS";
			productName = "ParallelFlock-iOS";
			productReference = B3F205A6202B7EF90088B443 /* ParallelFlock.framework */;
			productType = "com.apple.product-type.framework";
		};
		B3FC26A62040554600D24CFA /* ParallelFlockApp-iOS */ = {
			isa = PBXNativeTarget;
			buildConfigurationList = B3FC26BA2040554700D24CFA /* Build configuration list for PBXNativeTarget "ParallelFlockApp-iOS" */;
			buildPhases = (
				B3FC26A32040554600D24CFA /* Sources */,
				B3FC26A42040554600D24CFA /* Frameworks */,
				B3FC26A52040554600D24CFA /* Resources */,
				B301BB72204308E500FA8C4E /* Embed Frameworks */,
			);
			buildRules = (
			);
			dependencies = (
				B301BB71204308E500FA8C4E /* PBXTargetDependency */,
			);
			name = "ParallelFlockApp-iOS";
			productName = "ParallelFlockApp-iOS";
			productReference = B3FC26A72040554600D24CFA /* ParallelFlockApp-iOS.app */;
			productType = "com.apple.product-type.application";
		};
/* End PBXNativeTarget section */

/* Begin PBXProject section */
		B3F2059D202B7EF90088B443 /* Project object */ = {
			isa = PBXProject;
			attributes = {
				LastSwiftUpdateCheck = 0930;
				LastUpgradeCheck = 0930;
				ORGANIZATIONNAME = "Bright Digit, LLC";
				TargetAttributes = {
					B357A8CC203A1097004BD19E = {
						CreatedOnToolsVersion = 9.3;
						ProvisioningStyle = Automatic;
					};
					B357A8D9203A10B9004BD19E = {
						CreatedOnToolsVersion = 9.3;
						ProvisioningStyle = Automatic;
					};
					B357A8E6203A10C9004BD19E = {
						CreatedOnToolsVersion = 9.3;
						ProvisioningStyle = Automatic;
					};
					B3B00324203A601F0048A7CE = {
						CreatedOnToolsVersion = 9.2;
						ProvisioningStyle = Automatic;
					};
					B3B00334203A66040048A7CE = {
						CreatedOnToolsVersion = 9.2;
						ProvisioningStyle = Automatic;
					};
					B3B00344203A662A0048A7CE = {
						CreatedOnToolsVersion = 9.2;
						ProvisioningStyle = Automatic;
					};
					B3F205A5202B7EF90088B443 = {
						CreatedOnToolsVersion = 9.2;
						LastSwiftMigration = 0920;
						ProvisioningStyle = Automatic;
					};
					B3FC26A62040554600D24CFA = {
						CreatedOnToolsVersion = 9.3;
						ProvisioningStyle = Automatic;
					};
				};
			};
			buildConfigurationList = B3F205A0202B7EF90088B443 /* Build configuration list for PBXProject "ParallelFlock" */;
			compatibilityVersion = "Xcode 8.0";
			developmentRegion = en;
			hasScannedForEncodings = 0;
			knownRegions = (
				en,
				Base,
			);
			mainGroup = B3F2059C202B7EF90088B443;
			productRefGroup = B3F205A7202B7EF90088B443 /* Products */;
			projectDirPath = "";
			projectRoot = "";
			targets = (
				B3F205A5202B7EF90088B443 /* ParallelFlock-iOS */,
				B357A8CC203A1097004BD19E /* ParallelFlock-watchOS */,
				B357A8D9203A10B9004BD19E /* ParallelFlock-tvOS */,
				B357A8E6203A10C9004BD19E /* ParallelFlock-macOS */,
				B3B00324203A601F0048A7CE /* ParallelFlockTests_iOS */,
				B3B00334203A66040048A7CE /* ParallelFlockTests_tvOS */,
				B3B00344203A662A0048A7CE /* ParallelFlockTests_macOS */,
				B3FC26A62040554600D24CFA /* ParallelFlockApp-iOS */,
			);
		};
/* End PBXProject section */

/* Begin PBXResourcesBuildPhase section */
		B357A8CB203A1097004BD19E /* Resources */ = {
			isa = PBXResourcesBuildPhase;
			buildActionMask = 2147483647;
			files = (
			);
			runOnlyForDeploymentPostprocessing = 0;
		};
		B357A8D8203A10B9004BD19E /* Resources */ = {
			isa = PBXResourcesBuildPhase;
			buildActionMask = 2147483647;
			files = (
			);
			runOnlyForDeploymentPostprocessing = 0;
		};
		B357A8E5203A10C9004BD19E /* Resources */ = {
			isa = PBXResourcesBuildPhase;
			buildActionMask = 2147483647;
			files = (
			);
			runOnlyForDeploymentPostprocessing = 0;
		};
		B3B00323203A601F0048A7CE /* Resources */ = {
			isa = PBXResourcesBuildPhase;
			buildActionMask = 2147483647;
			files = (
			);
			runOnlyForDeploymentPostprocessing = 0;
		};
		B3B00333203A66040048A7CE /* Resources */ = {
			isa = PBXResourcesBuildPhase;
			buildActionMask = 2147483647;
			files = (
			);
			runOnlyForDeploymentPostprocessing = 0;
		};
		B3B00343203A662A0048A7CE /* Resources */ = {
			isa = PBXResourcesBuildPhase;
			buildActionMask = 2147483647;
			files = (
			);
			runOnlyForDeploymentPostprocessing = 0;
		};
		B3F205A4202B7EF90088B443 /* Resources */ = {
			isa = PBXResourcesBuildPhase;
			buildActionMask = 2147483647;
			files = (
			);
			runOnlyForDeploymentPostprocessing = 0;
		};
		B3FC26A52040554600D24CFA /* Resources */ = {
			isa = PBXResourcesBuildPhase;
			buildActionMask = 2147483647;
			files = (
				B3FC26B62040554700D24CFA /* LaunchScreen.storyboard in Resources */,
				B3FC26B32040554700D24CFA /* Assets.xcassets in Resources */,
				B3FC26B12040554600D24CFA /* Main.storyboard in Resources */,
			);
			runOnlyForDeploymentPostprocessing = 0;
		};
/* End PBXResourcesBuildPhase section */

/* Begin PBXShellScriptBuildPhase section */
		B32840C8203B637A006053DA /* SwiftFormat */ = {
			isa = PBXShellScriptBuildPhase;
			buildActionMask = 2147483647;
			files = (
			);
			inputPaths = (
			);
			name = SwiftFormat;
			outputPaths = (
			);
			runOnlyForDeploymentPostprocessing = 0;
			shellPath = /bin/sh;
			shellScript = "if which swiftformat >/dev/null; then\nswiftformat \"${SRCROOT}\" --disable trailingCommas --indent 2 --allman false --removelines enabled --header strip --insertlines disabled --empty void --ranges spaced --trimwhitespace always --linebreaks lf --commas always --comments indent --ifdef indent --hexliteralcase uppercase --semicolons inline --self insert\nelse\necho \"warning: swiftformat not installed, download from https://github.com/nicklockwood/SwiftFormat\"\nfi\n";
		};
		B32840C9203B6381006053DA /* SwiftFormat */ = {
			isa = PBXShellScriptBuildPhase;
			buildActionMask = 2147483647;
			files = (
			);
			inputPaths = (
			);
			name = SwiftFormat;
			outputPaths = (
			);
			runOnlyForDeploymentPostprocessing = 0;
			shellPath = /bin/sh;
			shellScript = "if which swiftformat >/dev/null; then\nswiftformat \"${SRCROOT}\" --disable trailingCommas --indent 2 --allman false --removelines enabled --header strip --insertlines disabled --empty void --ranges spaced --trimwhitespace always --linebreaks lf --commas always --comments indent --ifdef indent --hexliteralcase uppercase --semicolons inline --self insert\nelse\necho \"warning: swiftformat not installed, download from https://github.com/nicklockwood/SwiftFormat\"\nfi\n";
		};
		B32840CA203B6386006053DA /* SwiftFormat */ = {
			isa = PBXShellScriptBuildPhase;
			buildActionMask = 2147483647;
			files = (
			);
			inputPaths = (
			);
			name = SwiftFormat;
			outputPaths = (
			);
			runOnlyForDeploymentPostprocessing = 0;
			shellPath = /bin/sh;
			shellScript = "if which swiftformat >/dev/null; then\nswiftformat \"${SRCROOT}\" --disable trailingCommas --indent 2 --allman false --removelines enabled --header strip --insertlines disabled --empty void --ranges spaced --trimwhitespace always --linebreaks lf --commas always --comments indent --ifdef indent --hexliteralcase uppercase --semicolons inline --self insert\nelse\necho \"warning: swiftformat not installed, download from https://github.com/nicklockwood/SwiftFormat\"\nfi\n";
		};
		B32840CB203B638A006053DA /* SwiftFormat */ = {
			isa = PBXShellScriptBuildPhase;
			buildActionMask = 2147483647;
			files = (
			);
			inputPaths = (
			);
			name = SwiftFormat;
			outputPaths = (
			);
			runOnlyForDeploymentPostprocessing = 0;
			shellPath = /bin/sh;
			shellScript = "if which swiftformat >/dev/null; then\nswiftformat \"${SRCROOT}\" --disable trailingCommas --indent 2 --allman false --removelines enabled --header strip --insertlines disabled --empty void --ranges spaced --trimwhitespace always --linebreaks lf --commas always --comments indent --ifdef indent --hexliteralcase uppercase --semicolons inline --self insert\nelse\necho \"warning: swiftformat not installed, download from https://github.com/nicklockwood/SwiftFormat\"\nfi\n";
		};
		B32840CC203B6393006053DA /* SwiftLint */ = {
			isa = PBXShellScriptBuildPhase;
			buildActionMask = 2147483647;
			files = (
			);
			inputPaths = (
			);
			name = SwiftLint;
			outputPaths = (
			);
			runOnlyForDeploymentPostprocessing = 0;
			shellPath = /bin/sh;
			shellScript = "if which swiftlint >/dev/null; then\nswiftlint\nelse\necho \"warning: SwiftLint not installed, download from https://github.com/realm/SwiftLint\"\nfi";
		};
		B32840CD203B639B006053DA /* SwiftLint */ = {
			isa = PBXShellScriptBuildPhase;
			buildActionMask = 2147483647;
			files = (
			);
			inputPaths = (
			);
			name = SwiftLint;
			outputPaths = (
			);
			runOnlyForDeploymentPostprocessing = 0;
			shellPath = /bin/sh;
			shellScript = "if which swiftlint >/dev/null; then\nswiftlint\nelse\necho \"warning: SwiftLint not installed, download from https://github.com/realm/SwiftLint\"\nfi";
		};
		B32840CE203B63A2006053DA /* SwiftLint */ = {
			isa = PBXShellScriptBuildPhase;
			buildActionMask = 2147483647;
			files = (
			);
			inputPaths = (
			);
			name = SwiftLint;
			outputPaths = (
			);
			runOnlyForDeploymentPostprocessing = 0;
			shellPath = /bin/sh;
			shellScript = "if which swiftlint >/dev/null; then\nswiftlint\nelse\necho \"warning: SwiftLint not installed, download from https://github.com/realm/SwiftLint\"\nfi";
		};
		B32840CF203B63A7006053DA /* SwiftLint */ = {
			isa = PBXShellScriptBuildPhase;
			buildActionMask = 2147483647;
			files = (
			);
			inputPaths = (
			);
			name = SwiftLint;
			outputPaths = (
			);
			runOnlyForDeploymentPostprocessing = 0;
			shellPath = /bin/sh;
			shellScript = "if which swiftlint >/dev/null; then\nswiftlint\nelse\necho \"warning: SwiftLint not installed, download from https://github.com/realm/SwiftLint\"\nfi";
		};
/* End PBXShellScriptBuildPhase section */

/* Begin PBXSourcesBuildPhase section */
		B357A8C8203A1097004BD19E /* Sources */ = {
			isa = PBXSourcesBuildPhase;
			buildActionMask = 2147483647;
			files = (
				B3B00377203A690E0048A7CE /* ParallelOperationStatus.swift in Sources */,
				B3B0035B203A690E0048A7CE /* ParallelReduceOperation.swift in Sources */,
				B3B00373203A690E0048A7CE /* ParallelOptions.swift in Sources */,
				B357A8EF203A116C004BD19E /* Parallel.swift in Sources */,
				B3B0035F203A690E0048A7CE /* ParallelMapItemClosure.swift in Sources */,
				B3B0037B203A690E0048A7CE /* ParallelCompletionClosure.swift in Sources */,
				B3B0036F203A690E0048A7CE /* ParallelReduceItemClosure.swift in Sources */,
				B3B0036B203A690E0048A7CE /* ParallelOperation.swift in Sources */,
				B31FA9B42048ADF4000CED17 /* ParallelMapOperation.swift in Sources */,
				B3B00363203A690E0048A7CE /* ParallelMapCompletionClosure.swift in Sources */,
			);
			runOnlyForDeploymentPostprocessing = 0;
		};
		B357A8D5203A10B9004BD19E /* Sources */ = {
			isa = PBXSourcesBuildPhase;
			buildActionMask = 2147483647;
			files = (
				B3B00378203A690E0048A7CE /* ParallelOperationStatus.swift in Sources */,
				B3B0035C203A690E0048A7CE /* ParallelReduceOperation.swift in Sources */,
				B3B00374203A690E0048A7CE /* ParallelOptions.swift in Sources */,
				B357A8F0203A116C004BD19E /* Parallel.swift in Sources */,
				B3B00360203A690E0048A7CE /* ParallelMapItemClosure.swift in Sources */,
				B3B0037C203A690E0048A7CE /* ParallelCompletionClosure.swift in Sources */,
				B3B00370203A690E0048A7CE /* ParallelReduceItemClosure.swift in Sources */,
				B3B0036C203A690E0048A7CE /* ParallelOperation.swift in Sources */,
				B31FA9B52048ADF5000CED17 /* ParallelMapOperation.swift in Sources */,
				B3B00364203A690E0048A7CE /* ParallelMapCompletionClosure.swift in Sources */,
			);
			runOnlyForDeploymentPostprocessing = 0;
		};
		B357A8E2203A10C9004BD19E /* Sources */ = {
			isa = PBXSourcesBuildPhase;
			buildActionMask = 2147483647;
			files = (
				B3B00379203A690E0048A7CE /* ParallelOperationStatus.swift in Sources */,
				B3B0035D203A690E0048A7CE /* ParallelReduceOperation.swift in Sources */,
				B3B00375203A690E0048A7CE /* ParallelOptions.swift in Sources */,
				B357A8F1203A116D004BD19E /* Parallel.swift in Sources */,
				B3B00361203A690E0048A7CE /* ParallelMapItemClosure.swift in Sources */,
				B3B0037D203A690E0048A7CE /* ParallelCompletionClosure.swift in Sources */,
				B3B00371203A690E0048A7CE /* ParallelReduceItemClosure.swift in Sources */,
				B3B0036D203A690E0048A7CE /* ParallelOperation.swift in Sources */,
				B31FA9B62048ADF5000CED17 /* ParallelMapOperation.swift in Sources */,
				B3B00365203A690E0048A7CE /* ParallelMapCompletionClosure.swift in Sources */,
			);
			runOnlyForDeploymentPostprocessing = 0;
		};
		B3B00321203A601F0048A7CE /* Sources */ = {
			isa = PBXSourcesBuildPhase;
			buildActionMask = 2147483647;
			files = (
				B3B00330203A61440048A7CE /* ParallelFlockTests.swift in Sources */,
				B321A82B2048896700D823E1 /* ParallelFlockPerformanceTests.swift in Sources */,
			);
			runOnlyForDeploymentPostprocessing = 0;
		};
		B3B00331203A66040048A7CE /* Sources */ = {
			isa = PBXSourcesBuildPhase;
			buildActionMask = 2147483647;
			files = (
				B3B00340203A660B0048A7CE /* ParallelFlockTests.swift in Sources */,
				B321A82C2048896700D823E1 /* ParallelFlockPerformanceTests.swift in Sources */,
			);
			runOnlyForDeploymentPostprocessing = 0;
		};
		B3B00341203A662A0048A7CE /* Sources */ = {
			isa = PBXSourcesBuildPhase;
			buildActionMask = 2147483647;
			files = (
				B3B00350203A67400048A7CE /* ParallelFlockTests.swift in Sources */,
				B321A82D2048896700D823E1 /* ParallelFlockPerformanceTests.swift in Sources */,
			);
			runOnlyForDeploymentPostprocessing = 0;
		};
		B3F205A1202B7EF90088B443 /* Sources */ = {
			isa = PBXSourcesBuildPhase;
			buildActionMask = 2147483647;
			files = (
				B3B00376203A690E0048A7CE /* ParallelOperationStatus.swift in Sources */,
				B3B0035A203A690E0048A7CE /* ParallelReduceOperation.swift in Sources */,
				B3B00372203A690E0048A7CE /* ParallelOptions.swift in Sources */,
				B3CD0D1A202B814D00A5D1A6 /* Parallel.swift in Sources */,
				B3B0035E203A690E0048A7CE /* ParallelMapItemClosure.swift in Sources */,
				B3B0037A203A690E0048A7CE /* ParallelCompletionClosure.swift in Sources */,
				B3B0036E203A690E0048A7CE /* ParallelReduceItemClosure.swift in Sources */,
				B3B0036A203A690E0048A7CE /* ParallelOperation.swift in Sources */,
				B31FA9B32048ADF4000CED17 /* ParallelMapOperation.swift in Sources */,
				B3B00362203A690E0048A7CE /* ParallelMapCompletionClosure.swift in Sources */,
			);
			runOnlyForDeploymentPostprocessing = 0;
		};
		B3FC26A32040554600D24CFA /* Sources */ = {
			isa = PBXSourcesBuildPhase;
			buildActionMask = 2147483647;
			files = (
				B3FC26AE2040554600D24CFA /* DetailViewController.swift in Sources */,
				B3FC26AC2040554600D24CFA /* MasterViewController.swift in Sources */,
				B3FC26AA2040554600D24CFA /* AppDelegate.swift in Sources */,
			);
			runOnlyForDeploymentPostprocessing = 0;
		};
/* End PBXSourcesBuildPhase section */

/* Begin PBXTargetDependency section */
		B301BB71204308E500FA8C4E /* PBXTargetDependency */ = {
			isa = PBXTargetDependency;
			target = B3F205A5202B7EF90088B443 /* ParallelFlock-iOS */;
			targetProxy = B301BB70204308E500FA8C4E /* PBXContainerItemProxy */;
		};
		B3B0032C203A601F0048A7CE /* PBXTargetDependency */ = {
			isa = PBXTargetDependency;
			target = B3F205A5202B7EF90088B443 /* ParallelFlock-iOS */;
			targetProxy = B3B0032B203A601F0048A7CE /* PBXContainerItemProxy */;
		};
		B3B0033C203A66040048A7CE /* PBXTargetDependency */ = {
			isa = PBXTargetDependency;
			target = B357A8D9203A10B9004BD19E /* ParallelFlock-tvOS */;
			targetProxy = B3B0033B203A66040048A7CE /* PBXContainerItemProxy */;
		};
		B3B0034C203A662B0048A7CE /* PBXTargetDependency */ = {
			isa = PBXTargetDependency;
			target = B357A8E6203A10C9004BD19E /* ParallelFlock-macOS */;
			targetProxy = B3B0034B203A662B0048A7CE /* PBXContainerItemProxy */;
		};
/* End PBXTargetDependency section */

/* Begin PBXVariantGroup section */
		B3FC26AF2040554600D24CFA /* Main.storyboard */ = {
			isa = PBXVariantGroup;
			children = (
				B3FC26B02040554600D24CFA /* Base */,
			);
			name = Main.storyboard;
			sourceTree = "<group>";
		};
		B3FC26B42040554700D24CFA /* LaunchScreen.storyboard */ = {
			isa = PBXVariantGroup;
			children = (
				B3FC26B52040554700D24CFA /* Base */,
			);
			name = LaunchScreen.storyboard;
			sourceTree = "<group>";
		};
/* End PBXVariantGroup section */

/* Begin XCBuildConfiguration section */
		B357A8D3203A1097004BD19E /* Debug */ = {
			isa = XCBuildConfiguration;
			buildSettings = {
				APPLICATION_EXTENSION_API_ONLY = YES;
				CLANG_ENABLE_OBJC_WEAK = YES;
				CLANG_WARN_DEPRECATED_OBJC_IMPLEMENTATIONS = YES;
				CLANG_WARN_OBJC_IMPLICIT_RETAIN_SELF = YES;
				CODE_SIGN_IDENTITY = "";
				CODE_SIGN_STYLE = Automatic;
				DEFINES_MODULE = YES;
				DEVELOPMENT_TEAM = MLT7M394S7;
				DYLIB_COMPATIBILITY_VERSION = 1;
				DYLIB_CURRENT_VERSION = 1;
				DYLIB_INSTALL_NAME_BASE = "@rpath";
				INFOPLIST_FILE = "$(SRCROOT)/ParallelFlock/Info-watchOS.plist";
				INSTALL_PATH = "$(LOCAL_LIBRARY_DIR)/Frameworks";
				LD_RUNPATH_SEARCH_PATHS = "$(inherited) @executable_path/Frameworks @loader_path/Frameworks";
				PRODUCT_BUNDLE_IDENTIFIER = "com.brightdigit.ParallelFlock-watchOS";
				SDKROOT = watchos;
				SKIP_INSTALL = YES;
				SWIFT_VERSION = 4.0;
				TARGETED_DEVICE_FAMILY = 4;
				WATCHOS_DEPLOYMENT_TARGET = 2.0;
			};
			name = Debug;
		};
		B357A8D4203A1097004BD19E /* Release */ = {
			isa = XCBuildConfiguration;
			buildSettings = {
				APPLICATION_EXTENSION_API_ONLY = YES;
				CLANG_ENABLE_OBJC_WEAK = YES;
				CLANG_WARN_DEPRECATED_OBJC_IMPLEMENTATIONS = YES;
				CLANG_WARN_OBJC_IMPLICIT_RETAIN_SELF = YES;
				CODE_SIGN_IDENTITY = "";
				CODE_SIGN_STYLE = Automatic;
				DEFINES_MODULE = YES;
				DEVELOPMENT_TEAM = MLT7M394S7;
				DYLIB_COMPATIBILITY_VERSION = 1;
				DYLIB_CURRENT_VERSION = 1;
				DYLIB_INSTALL_NAME_BASE = "@rpath";
				INFOPLIST_FILE = "$(SRCROOT)/ParallelFlock/Info-watchOS.plist";
				INSTALL_PATH = "$(LOCAL_LIBRARY_DIR)/Frameworks";
				LD_RUNPATH_SEARCH_PATHS = "$(inherited) @executable_path/Frameworks @loader_path/Frameworks";
				PRODUCT_BUNDLE_IDENTIFIER = "com.brightdigit.ParallelFlock-watchOS";
				SDKROOT = watchos;
				SKIP_INSTALL = YES;
				SWIFT_OPTIMIZATION_LEVEL = "-Owholemodule";
				SWIFT_VERSION = 4.0;
				TARGETED_DEVICE_FAMILY = 4;
				WATCHOS_DEPLOYMENT_TARGET = 2.0;
			};
			name = Release;
		};
		B357A8E0203A10B9004BD19E /* Debug */ = {
			isa = XCBuildConfiguration;
			buildSettings = {
				APPLICATION_EXTENSION_API_ONLY = YES;
				CLANG_ENABLE_OBJC_WEAK = YES;
				CLANG_WARN_DEPRECATED_OBJC_IMPLEMENTATIONS = YES;
				CLANG_WARN_OBJC_IMPLICIT_RETAIN_SELF = YES;
				CODE_SIGN_IDENTITY = "iPhone Developer";
				CODE_SIGN_STYLE = Automatic;
				DEFINES_MODULE = YES;
				DEVELOPMENT_TEAM = "";
				DYLIB_COMPATIBILITY_VERSION = 1;
				DYLIB_CURRENT_VERSION = 1;
				DYLIB_INSTALL_NAME_BASE = "@rpath";
				INFOPLIST_FILE = "$(SRCROOT)/ParallelFlock/Info-tvOS.plist";
				INSTALL_PATH = "$(LOCAL_LIBRARY_DIR)/Frameworks";
				LD_RUNPATH_SEARCH_PATHS = "$(inherited) @executable_path/Frameworks @loader_path/Frameworks";
				PRODUCT_BUNDLE_IDENTIFIER = "com.brightdigit.ParallelFlock-tvOS";
				PROVISIONING_PROFILE_SPECIFIER = "";
				SDKROOT = appletvos;
				SKIP_INSTALL = YES;
				SWIFT_VERSION = 4.0;
				TARGETED_DEVICE_FAMILY = 3;
				TVOS_DEPLOYMENT_TARGET = 9.0;
			};
			name = Debug;
		};
		B357A8E1203A10B9004BD19E /* Release */ = {
			isa = XCBuildConfiguration;
			buildSettings = {
				APPLICATION_EXTENSION_API_ONLY = YES;
				CLANG_ENABLE_OBJC_WEAK = YES;
				CLANG_WARN_DEPRECATED_OBJC_IMPLEMENTATIONS = YES;
				CLANG_WARN_OBJC_IMPLICIT_RETAIN_SELF = YES;
				CODE_SIGN_IDENTITY = "iPhone Developer";
				CODE_SIGN_STYLE = Automatic;
				DEFINES_MODULE = YES;
				DEVELOPMENT_TEAM = "";
				DYLIB_COMPATIBILITY_VERSION = 1;
				DYLIB_CURRENT_VERSION = 1;
				DYLIB_INSTALL_NAME_BASE = "@rpath";
				INFOPLIST_FILE = "$(SRCROOT)/ParallelFlock/Info-tvOS.plist";
				INSTALL_PATH = "$(LOCAL_LIBRARY_DIR)/Frameworks";
				LD_RUNPATH_SEARCH_PATHS = "$(inherited) @executable_path/Frameworks @loader_path/Frameworks";
				PRODUCT_BUNDLE_IDENTIFIER = "com.brightdigit.ParallelFlock-tvOS";
				PROVISIONING_PROFILE_SPECIFIER = "";
				SDKROOT = appletvos;
				SKIP_INSTALL = YES;
				SWIFT_OPTIMIZATION_LEVEL = "-Owholemodule";
				SWIFT_VERSION = 4.0;
				TARGETED_DEVICE_FAMILY = 3;
				TVOS_DEPLOYMENT_TARGET = 9.0;
			};
			name = Release;
		};
		B357A8ED203A10C9004BD19E /* Debug */ = {
			isa = XCBuildConfiguration;
			buildSettings = {
				APPLICATION_EXTENSION_API_ONLY = YES;
				CLANG_ENABLE_OBJC_WEAK = YES;
				CLANG_WARN_DEPRECATED_OBJC_IMPLEMENTATIONS = YES;
				CLANG_WARN_OBJC_IMPLICIT_RETAIN_SELF = YES;
				CODE_SIGN_IDENTITY = "Mac Developer";
				CODE_SIGN_STYLE = Automatic;
				COMBINE_HIDPI_IMAGES = YES;
				DEFINES_MODULE = YES;
				DEVELOPMENT_TEAM = "";
				DYLIB_COMPATIBILITY_VERSION = 1;
				DYLIB_CURRENT_VERSION = 1;
				DYLIB_INSTALL_NAME_BASE = "@rpath";
				FRAMEWORK_VERSION = A;
				INFOPLIST_FILE = "$(SRCROOT)/ParallelFlock/Info-macOS.plist";
				INSTALL_PATH = "$(LOCAL_LIBRARY_DIR)/Frameworks";
				LD_RUNPATH_SEARCH_PATHS = "$(inherited) @executable_path/../Frameworks @loader_path/Frameworks";
				PRODUCT_BUNDLE_IDENTIFIER = "com.brightdigit.ParallelFlock-macOS";
				PROVISIONING_PROFILE_SPECIFIER = "";
				SDKROOT = macosx;
				SKIP_INSTALL = YES;
				SWIFT_VERSION = 4.0;
			};
			name = Debug;
		};
		B357A8EE203A10C9004BD19E /* Release */ = {
			isa = XCBuildConfiguration;
			buildSettings = {
				APPLICATION_EXTENSION_API_ONLY = YES;
				CLANG_ENABLE_OBJC_WEAK = YES;
				CLANG_WARN_DEPRECATED_OBJC_IMPLEMENTATIONS = YES;
				CLANG_WARN_OBJC_IMPLICIT_RETAIN_SELF = YES;
				CODE_SIGN_IDENTITY = "Mac Developer";
				CODE_SIGN_STYLE = Automatic;
				COMBINE_HIDPI_IMAGES = YES;
				DEFINES_MODULE = YES;
				DEVELOPMENT_TEAM = "";
				DYLIB_COMPATIBILITY_VERSION = 1;
				DYLIB_CURRENT_VERSION = 1;
				DYLIB_INSTALL_NAME_BASE = "@rpath";
				FRAMEWORK_VERSION = A;
				INFOPLIST_FILE = "$(SRCROOT)/ParallelFlock/Info-macOS.plist";
				INSTALL_PATH = "$(LOCAL_LIBRARY_DIR)/Frameworks";
				LD_RUNPATH_SEARCH_PATHS = "$(inherited) @executable_path/../Frameworks @loader_path/Frameworks";
				PRODUCT_BUNDLE_IDENTIFIER = "com.brightdigit.ParallelFlock-macOS";
				PROVISIONING_PROFILE_SPECIFIER = "";
				SDKROOT = macosx;
				SKIP_INSTALL = YES;
				SWIFT_OPTIMIZATION_LEVEL = "-Owholemodule";
				SWIFT_VERSION = 4.0;
			};
			name = Release;
		};
		B3B0032E203A601F0048A7CE /* Debug */ = {
			isa = XCBuildConfiguration;
			buildSettings = {
				CLANG_ENABLE_OBJC_WEAK = YES;
				CODE_SIGN_STYLE = Automatic;
				DEVELOPMENT_TEAM = MLT7M394S7;
				INFOPLIST_FILE = "ParallelFlockTests/Info-iOS.plist";
				LD_RUNPATH_SEARCH_PATHS = "$(inherited) @executable_path/Frameworks @loader_path/Frameworks";
				PRODUCT_BUNDLE_IDENTIFIER = "com.brightdigit.ParallelFlockTests-iOS";
				PRODUCT_NAME = "$(TARGET_NAME)";
				SWIFT_VERSION = 4.0;
				TARGETED_DEVICE_FAMILY = "1,2";
			};
			name = Debug;
		};
		B3B0032F203A601F0048A7CE /* Release */ = {
			isa = XCBuildConfiguration;
			buildSettings = {
				CLANG_ENABLE_OBJC_WEAK = YES;
				CODE_SIGN_STYLE = Automatic;
				DEVELOPMENT_TEAM = MLT7M394S7;
				INFOPLIST_FILE = "ParallelFlockTests/Info-iOS.plist";
				LD_RUNPATH_SEARCH_PATHS = "$(inherited) @executable_path/Frameworks @loader_path/Frameworks";
				PRODUCT_BUNDLE_IDENTIFIER = "com.brightdigit.ParallelFlockTests-iOS";
				PRODUCT_NAME = "$(TARGET_NAME)";
				SWIFT_VERSION = 4.0;
				TARGETED_DEVICE_FAMILY = "1,2";
			};
			name = Release;
		};
		B3B0033E203A66040048A7CE /* Debug */ = {
			isa = XCBuildConfiguration;
			buildSettings = {
				CLANG_ENABLE_OBJC_WEAK = YES;
				CODE_SIGN_STYLE = Automatic;
				DEVELOPMENT_TEAM = MLT7M394S7;
				INFOPLIST_FILE = "ParallelFlockTests/Info-tvOS.plist";
				LD_RUNPATH_SEARCH_PATHS = "$(inherited) @executable_path/Frameworks @loader_path/Frameworks";
				PRODUCT_BUNDLE_IDENTIFIER = "com.brightdigit.ParallelFlockTests-tvOS";
				PRODUCT_NAME = "$(TARGET_NAME)";
				SDKROOT = appletvos;
				SWIFT_VERSION = 4.0;
				TARGETED_DEVICE_FAMILY = 3;
			};
			name = Debug;
		};
		B3B0033F203A66040048A7CE /* Release */ = {
			isa = XCBuildConfiguration;
			buildSettings = {
				CLANG_ENABLE_OBJC_WEAK = YES;
				CODE_SIGN_STYLE = Automatic;
				DEVELOPMENT_TEAM = MLT7M394S7;
				INFOPLIST_FILE = "ParallelFlockTests/Info-tvOS.plist";
				LD_RUNPATH_SEARCH_PATHS = "$(inherited) @executable_path/Frameworks @loader_path/Frameworks";
				PRODUCT_BUNDLE_IDENTIFIER = "com.brightdigit.ParallelFlockTests-tvOS";
				PRODUCT_NAME = "$(TARGET_NAME)";
				SDKROOT = appletvos;
				SWIFT_VERSION = 4.0;
				TARGETED_DEVICE_FAMILY = 3;
			};
			name = Release;
		};
		B3B0034E203A662B0048A7CE /* Debug */ = {
			isa = XCBuildConfiguration;
			buildSettings = {
				CLANG_ENABLE_OBJC_WEAK = YES;
				CODE_SIGN_IDENTITY = "Mac Developer";
				CODE_SIGN_STYLE = Automatic;
				COMBINE_HIDPI_IMAGES = YES;
				DEVELOPMENT_TEAM = MLT7M394S7;
				INFOPLIST_FILE = "ParallelFlockTests/Info-macOS.plist";
				LD_RUNPATH_SEARCH_PATHS = "$(inherited) @executable_path/../Frameworks @loader_path/../Frameworks";
				PRODUCT_BUNDLE_IDENTIFIER = "com.brightdigit.ParallelFlockTests-macOS";
				PRODUCT_NAME = "$(TARGET_NAME)";
				SDKROOT = macosx;
				SWIFT_VERSION = 4.0;
				TVOS_DEPLOYMENT_TARGET = 9.0;
			};
			name = Debug;
		};
		B3B0034F203A662B0048A7CE /* Release */ = {
			isa = XCBuildConfiguration;
			buildSettings = {
				CLANG_ENABLE_OBJC_WEAK = YES;
				CODE_SIGN_IDENTITY = "Mac Developer";
				CODE_SIGN_STYLE = Automatic;
				COMBINE_HIDPI_IMAGES = YES;
				DEVELOPMENT_TEAM = MLT7M394S7;
				INFOPLIST_FILE = "ParallelFlockTests/Info-macOS.plist";
				LD_RUNPATH_SEARCH_PATHS = "$(inherited) @executable_path/../Frameworks @loader_path/../Frameworks";
				PRODUCT_BUNDLE_IDENTIFIER = "com.brightdigit.ParallelFlockTests-macOS";
				PRODUCT_NAME = "$(TARGET_NAME)";
				SDKROOT = macosx;
				SWIFT_VERSION = 4.0;
				TVOS_DEPLOYMENT_TARGET = 9.0;
			};
			name = Release;
		};
		B3F205B8202B7EF90088B443 /* Debug */ = {
			isa = XCBuildConfiguration;
			buildSettings = {
				ALWAYS_SEARCH_USER_PATHS = NO;
				CLANG_ANALYZER_NONNULL = YES;
				CLANG_ANALYZER_NUMBER_OBJECT_CONVERSION = YES_AGGRESSIVE;
				CLANG_CXX_LANGUAGE_STANDARD = "gnu++14";
				CLANG_CXX_LIBRARY = "libc++";
				CLANG_ENABLE_MODULES = YES;
				CLANG_ENABLE_OBJC_ARC = YES;
				CLANG_WARN_BLOCK_CAPTURE_AUTORELEASING = YES;
				CLANG_WARN_BOOL_CONVERSION = YES;
				CLANG_WARN_COMMA = YES;
				CLANG_WARN_CONSTANT_CONVERSION = YES;
				CLANG_WARN_DEPRECATED_OBJC_IMPLEMENTATIONS = YES;
				CLANG_WARN_DIRECT_OBJC_ISA_USAGE = YES_ERROR;
				CLANG_WARN_DOCUMENTATION_COMMENTS = YES;
				CLANG_WARN_EMPTY_BODY = YES;
				CLANG_WARN_ENUM_CONVERSION = YES;
				CLANG_WARN_INFINITE_RECURSION = YES;
				CLANG_WARN_INT_CONVERSION = YES;
				CLANG_WARN_NON_LITERAL_NULL_CONVERSION = YES;
				CLANG_WARN_OBJC_IMPLICIT_RETAIN_SELF = YES;
				CLANG_WARN_OBJC_LITERAL_CONVERSION = YES;
				CLANG_WARN_OBJC_ROOT_CLASS = YES_ERROR;
				CLANG_WARN_RANGE_LOOP_ANALYSIS = YES;
				CLANG_WARN_STRICT_PROTOTYPES = YES;
				CLANG_WARN_SUSPICIOUS_MOVE = YES;
				CLANG_WARN_UNGUARDED_AVAILABILITY = YES_AGGRESSIVE;
				CLANG_WARN_UNREACHABLE_CODE = YES;
				CLANG_WARN__DUPLICATE_METHOD_MATCH = YES;
				CODE_SIGN_IDENTITY = "iPhone Developer";
				COPY_PHASE_STRIP = NO;
				CURRENT_PROJECT_VERSION = 1;
				DEBUG_INFORMATION_FORMAT = dwarf;
				ENABLE_STRICT_OBJC_MSGSEND = YES;
				ENABLE_TESTABILITY = YES;
				GCC_C_LANGUAGE_STANDARD = gnu11;
				GCC_DYNAMIC_NO_PIC = NO;
				GCC_NO_COMMON_BLOCKS = YES;
				GCC_OPTIMIZATION_LEVEL = 0;
				GCC_PREPROCESSOR_DEFINITIONS = (
					"DEBUG=1",
					"$(inherited)",
				);
				GCC_WARN_64_TO_32_BIT_CONVERSION = YES;
				GCC_WARN_ABOUT_RETURN_TYPE = YES_ERROR;
				GCC_WARN_UNDECLARED_SELECTOR = YES;
				GCC_WARN_UNINITIALIZED_AUTOS = YES_AGGRESSIVE;
				GCC_WARN_UNUSED_FUNCTION = YES;
				GCC_WARN_UNUSED_VARIABLE = YES;
				IPHONEOS_DEPLOYMENT_TARGET = 8.0;
				MACOSX_DEPLOYMENT_TARGET = 10.9;
				MTL_ENABLE_DEBUG_INFO = YES;
				ONLY_ACTIVE_ARCH = YES;
				OTHER_SWIFT_FLAGS = "-Onone -Xfrontend -debug-time-function-bodies";
				PRODUCT_MODULE_NAME = "$(PRODUCT_NAME:c99extidentifier)";
				PRODUCT_NAME = "${PROJECT_NAME}";
				PROJECT_VERSION = 1.0.0;
				SDKROOT = iphoneos;
				SWIFT_ACTIVE_COMPILATION_CONDITIONS = DEBUG;
				SWIFT_OPTIMIZATION_LEVEL = "-Onone";
				VERSIONING_SYSTEM = "apple-generic";
				VERSION_INFO_PREFIX = "";
			};
			name = Debug;
		};
		B3F205B9202B7EF90088B443 /* Release */ = {
			isa = XCBuildConfiguration;
			buildSettings = {
				ALWAYS_SEARCH_USER_PATHS = NO;
				CLANG_ANALYZER_NONNULL = YES;
				CLANG_ANALYZER_NUMBER_OBJECT_CONVERSION = YES_AGGRESSIVE;
				CLANG_CXX_LANGUAGE_STANDARD = "gnu++14";
				CLANG_CXX_LIBRARY = "libc++";
				CLANG_ENABLE_MODULES = YES;
				CLANG_ENABLE_OBJC_ARC = YES;
				CLANG_WARN_BLOCK_CAPTURE_AUTORELEASING = YES;
				CLANG_WARN_BOOL_CONVERSION = YES;
				CLANG_WARN_COMMA = YES;
				CLANG_WARN_CONSTANT_CONVERSION = YES;
				CLANG_WARN_DEPRECATED_OBJC_IMPLEMENTATIONS = YES;
				CLANG_WARN_DIRECT_OBJC_ISA_USAGE = YES_ERROR;
				CLANG_WARN_DOCUMENTATION_COMMENTS = YES;
				CLANG_WARN_EMPTY_BODY = YES;
				CLANG_WARN_ENUM_CONVERSION = YES;
				CLANG_WARN_INFINITE_RECURSION = YES;
				CLANG_WARN_INT_CONVERSION = YES;
				CLANG_WARN_NON_LITERAL_NULL_CONVERSION = YES;
				CLANG_WARN_OBJC_IMPLICIT_RETAIN_SELF = YES;
				CLANG_WARN_OBJC_LITERAL_CONVERSION = YES;
				CLANG_WARN_OBJC_ROOT_CLASS = YES_ERROR;
				CLANG_WARN_RANGE_LOOP_ANALYSIS = YES;
				CLANG_WARN_STRICT_PROTOTYPES = YES;
				CLANG_WARN_SUSPICIOUS_MOVE = YES;
				CLANG_WARN_UNGUARDED_AVAILABILITY = YES_AGGRESSIVE;
				CLANG_WARN_UNREACHABLE_CODE = YES;
				CLANG_WARN__DUPLICATE_METHOD_MATCH = YES;
				CODE_SIGN_IDENTITY = "iPhone Developer";
				COPY_PHASE_STRIP = NO;
				CURRENT_PROJECT_VERSION = 1;
				DEBUG_INFORMATION_FORMAT = "dwarf-with-dsym";
				ENABLE_NS_ASSERTIONS = NO;
				ENABLE_STRICT_OBJC_MSGSEND = YES;
				GCC_C_LANGUAGE_STANDARD = gnu11;
				GCC_NO_COMMON_BLOCKS = YES;
				GCC_WARN_64_TO_32_BIT_CONVERSION = YES;
				GCC_WARN_ABOUT_RETURN_TYPE = YES_ERROR;
				GCC_WARN_UNDECLARED_SELECTOR = YES;
				GCC_WARN_UNINITIALIZED_AUTOS = YES_AGGRESSIVE;
				GCC_WARN_UNUSED_FUNCTION = YES;
				GCC_WARN_UNUSED_VARIABLE = YES;
				IPHONEOS_DEPLOYMENT_TARGET = 8.0;
				MACOSX_DEPLOYMENT_TARGET = 10.9;
				MTL_ENABLE_DEBUG_INFO = NO;
				PRODUCT_MODULE_NAME = "$(PRODUCT_NAME:c99extidentifier)";
				PRODUCT_NAME = "${PROJECT_NAME}";
				PROJECT_VERSION = 1.0.0;
				SDKROOT = iphoneos;
				SWIFT_OPTIMIZATION_LEVEL = "-Owholemodule";
				VALIDATE_PRODUCT = YES;
				VERSIONING_SYSTEM = "apple-generic";
				VERSION_INFO_PREFIX = "";
			};
			name = Release;
		};
		B3F205BB202B7EF90088B443 /* Debug */ = {
			isa = XCBuildConfiguration;
			buildSettings = {
				APPLICATION_EXTENSION_API_ONLY = YES;
				CLANG_ENABLE_MODULES = YES;
				CLANG_ENABLE_OBJC_WEAK = YES;
				CODE_SIGN_IDENTITY = "";
				CODE_SIGN_STYLE = Automatic;
				DEFINES_MODULE = YES;
				DEVELOPMENT_TEAM = MLT7M394S7;
				DYLIB_COMPATIBILITY_VERSION = 1;
				DYLIB_CURRENT_VERSION = 1;
				DYLIB_INSTALL_NAME_BASE = "@rpath";
				INFOPLIST_FILE = "$(SRCROOT)/ParallelFlock/Info-iOS.plist";
				INSTALL_PATH = "$(LOCAL_LIBRARY_DIR)/Frameworks";
				LD_RUNPATH_SEARCH_PATHS = "$(inherited) @executable_path/Frameworks @loader_path/Frameworks";
				OTHER_SWIFT_FLAGS = "-Onone -Xfrontend -debug-time-function-bodies -Xfrontend -warn-long-expression-type-checking=30 -Xfrontend -warn-long-function-bodies=30";
				PRODUCT_BUNDLE_IDENTIFIER = "com.brightdigit.ParallelFlock-iOS";
				SKIP_INSTALL = YES;
				SWIFT_OPTIMIZATION_LEVEL = "-Onone";
				SWIFT_VERSION = 4.0;
				TARGETED_DEVICE_FAMILY = "1,2";
			};
			name = Debug;
		};
		B3F205BC202B7EF90088B443 /* Release */ = {
			isa = XCBuildConfiguration;
			buildSettings = {
				APPLICATION_EXTENSION_API_ONLY = YES;
				CLANG_ENABLE_MODULES = YES;
				CLANG_ENABLE_OBJC_WEAK = YES;
				CODE_SIGN_IDENTITY = "";
				CODE_SIGN_STYLE = Automatic;
				DEFINES_MODULE = YES;
				DEVELOPMENT_TEAM = MLT7M394S7;
				DYLIB_COMPATIBILITY_VERSION = 1;
				DYLIB_CURRENT_VERSION = 1;
				DYLIB_INSTALL_NAME_BASE = "@rpath";
				INFOPLIST_FILE = "$(SRCROOT)/ParallelFlock/Info-iOS.plist";
				INSTALL_PATH = "$(LOCAL_LIBRARY_DIR)/Frameworks";
				LD_RUNPATH_SEARCH_PATHS = "$(inherited) @executable_path/Frameworks @loader_path/Frameworks";
				PRODUCT_BUNDLE_IDENTIFIER = "com.brightdigit.ParallelFlock-iOS";
				SKIP_INSTALL = YES;
				SWIFT_VERSION = 4.0;
				TARGETED_DEVICE_FAMILY = "1,2";
			};
			name = Release;
		};
		B3FC26B82040554700D24CFA /* Debug */ = {
			isa = XCBuildConfiguration;
			buildSettings = {
				ALWAYS_EMBED_SWIFT_STANDARD_LIBRARIES = YES;
				ASSETCATALOG_COMPILER_APPICON_NAME = AppIcon;
				CLANG_ENABLE_OBJC_WEAK = YES;
				CODE_SIGN_STYLE = Automatic;
				DEVELOPMENT_TEAM = MLT7M394S7;
				INFOPLIST_FILE = "ParallelFlockApp-iOS/Info.plist";
				IPHONEOS_DEPLOYMENT_TARGET = 11.0;
				LD_RUNPATH_SEARCH_PATHS = "$(inherited) @executable_path/Frameworks";
				PRODUCT_BUNDLE_IDENTIFIER = "com.brightdigit.ParallelFlockApp-iOS";
				PRODUCT_NAME = "$(TARGET_NAME)";
				SWIFT_VERSION = 4.0;
				TARGETED_DEVICE_FAMILY = "1,2";
			};
			name = Debug;
		};
		B3FC26B92040554700D24CFA /* Release */ = {
			isa = XCBuildConfiguration;
			buildSettings = {
				ALWAYS_EMBED_SWIFT_STANDARD_LIBRARIES = YES;
				ASSETCATALOG_COMPILER_APPICON_NAME = AppIcon;
				CLANG_ENABLE_OBJC_WEAK = YES;
				CODE_SIGN_STYLE = Automatic;
				DEVELOPMENT_TEAM = MLT7M394S7;
				INFOPLIST_FILE = "ParallelFlockApp-iOS/Info.plist";
				IPHONEOS_DEPLOYMENT_TARGET = 11.0;
				LD_RUNPATH_SEARCH_PATHS = "$(inherited) @executable_path/Frameworks";
				PRODUCT_BUNDLE_IDENTIFIER = "com.brightdigit.ParallelFlockApp-iOS";
				PRODUCT_NAME = "$(TARGET_NAME)";
				SWIFT_VERSION = 4.0;
				TARGETED_DEVICE_FAMILY = "1,2";
			};
			name = Release;
		};
/* End XCBuildConfiguration section */

/* Begin XCConfigurationList section */
		B357A8D2203A1097004BD19E /* Build configuration list for PBXNativeTarget "ParallelFlock-watchOS" */ = {
			isa = XCConfigurationList;
			buildConfigurations = (
				B357A8D3203A1097004BD19E /* Debug */,
				B357A8D4203A1097004BD19E /* Release */,
			);
			defaultConfigurationIsVisible = 0;
			defaultConfigurationName = Release;
		};
		B357A8DF203A10B9004BD19E /* Build configuration list for PBXNativeTarget "ParallelFlock-tvOS" */ = {
			isa = XCConfigurationList;
			buildConfigurations = (
				B357A8E0203A10B9004BD19E /* Debug */,
				B357A8E1203A10B9004BD19E /* Release */,
			);
			defaultConfigurationIsVisible = 0;
			defaultConfigurationName = Release;
		};
		B357A8EC203A10C9004BD19E /* Build configuration list for PBXNativeTarget "ParallelFlock-macOS" */ = {
			isa = XCConfigurationList;
			buildConfigurations = (
				B357A8ED203A10C9004BD19E /* Debug */,
				B357A8EE203A10C9004BD19E /* Release */,
			);
			defaultConfigurationIsVisible = 0;
			defaultConfigurationName = Release;
		};
		B3B0032D203A601F0048A7CE /* Build configuration list for PBXNativeTarget "ParallelFlockTests_iOS" */ = {
			isa = XCConfigurationList;
			buildConfigurations = (
				B3B0032E203A601F0048A7CE /* Debug */,
				B3B0032F203A601F0048A7CE /* Release */,
			);
			defaultConfigurationIsVisible = 0;
			defaultConfigurationName = Release;
		};
		B3B0033D203A66040048A7CE /* Build configuration list for PBXNativeTarget "ParallelFlockTests_tvOS" */ = {
			isa = XCConfigurationList;
			buildConfigurations = (
				B3B0033E203A66040048A7CE /* Debug */,
				B3B0033F203A66040048A7CE /* Release */,
			);
			defaultConfigurationIsVisible = 0;
			defaultConfigurationName = Release;
		};
		B3B0034D203A662B0048A7CE /* Build configuration list for PBXNativeTarget "ParallelFlockTests_macOS" */ = {
			isa = XCConfigurationList;
			buildConfigurations = (
				B3B0034E203A662B0048A7CE /* Debug */,
				B3B0034F203A662B0048A7CE /* Release */,
			);
			defaultConfigurationIsVisible = 0;
			defaultConfigurationName = Release;
		};
		B3F205A0202B7EF90088B443 /* Build configuration list for PBXProject "ParallelFlock" */ = {
			isa = XCConfigurationList;
			buildConfigurations = (
				B3F205B8202B7EF90088B443 /* Debug */,
				B3F205B9202B7EF90088B443 /* Release */,
			);
			defaultConfigurationIsVisible = 0;
			defaultConfigurationName = Release;
		};
		B3F205BA202B7EF90088B443 /* Build configuration list for PBXNativeTarget "ParallelFlock-iOS" */ = {
			isa = XCConfigurationList;
			buildConfigurations = (
				B3F205BB202B7EF90088B443 /* Debug */,
				B3F205BC202B7EF90088B443 /* Release */,
			);
			defaultConfigurationIsVisible = 0;
			defaultConfigurationName = Release;
		};
		B3FC26BA2040554700D24CFA /* Build configuration list for PBXNativeTarget "ParallelFlockApp-iOS" */ = {
			isa = XCConfigurationList;
			buildConfigurations = (
				B3FC26B82040554700D24CFA /* Debug */,
				B3FC26B92040554700D24CFA /* Release */,
			);
			defaultConfigurationIsVisible = 0;
			defaultConfigurationName = Release;
		};
/* End XCConfigurationList section */
	};
	rootObject = B3F2059D202B7EF90088B443 /* Project object */;
}
